// !$*UTF8*$!
{
	archiveVersion = 1;
	classes = {
	};
	objectVersion = 46;
	objects = {

/* Begin PBXBuildFile section */
		132CC52309B11512007955DE /* SDL.framework in CopyFiles */ = {isa = PBXBuildFile; fileRef = 13E5AE69088FBB1F00EACEBE /* SDL.framework */; };
		132CC52509B11512007955DE /* SDLMain.h in Headers */ = {isa = PBXBuildFile; fileRef = F5A47A9D01A0482F01D3D55B /* SDLMain.h */; };
		132CC52609B11512007955DE /* Display.h in Headers */ = {isa = PBXBuildFile; fileRef = 13A0FE79088EDF7B00E5436C /* Display.h */; };
		132CC52709B11512007955DE /* Floppy.h in Headers */ = {isa = PBXBuildFile; fileRef = 13A0FE7B088EDF7B00E5436C /* Floppy.h */; };
		132CC52809B11512007955DE /* IDEDisk.h in Headers */ = {isa = PBXBuildFile; fileRef = 13A0FE7D088EDF7B00E5436C /* IDEDisk.h */; };
		132CC52909B11512007955DE /* Input.h in Headers */ = {isa = PBXBuildFile; fileRef = 13A0FE7F088EDF7B00E5436C /* Input.h */; };
		132CC52A09B11512007955DE /* MIDI.h in Headers */ = {isa = PBXBuildFile; fileRef = 13A0FE82088EDF7B00E5436C /* MIDI.h */; };
		132CC52B09B11512007955DE /* OSD.h in Headers */ = {isa = PBXBuildFile; fileRef = 13A0FE84088EDF7B00E5436C /* OSD.h */; };
		132CC52D09B11512007955DE /* UI.h in Headers */ = {isa = PBXBuildFile; fileRef = 13A0FEFF088EDF7C00E5436C /* UI.h */; };
		132CC52E09B11512007955DE /* Video.h in Headers */ = {isa = PBXBuildFile; fileRef = 13A0FF01088EDF7C00E5436C /* Video.h */; };
		132CC52F09B11512007955DE /* Action.h in Headers */ = {isa = PBXBuildFile; fileRef = 13A0FF22088EDFC000E5436C /* Action.h */; };
		132CC53009B11512007955DE /* ATA.h in Headers */ = {isa = PBXBuildFile; fileRef = 13A0FF24088EDFC000E5436C /* ATA.h */; };
		132CC53109B11512007955DE /* Atom.h in Headers */ = {isa = PBXBuildFile; fileRef = 13A0FF26088EDFC000E5436C /* Atom.h */; };
		132CC53209B11512007955DE /* CBops.h in Headers */ = {isa = PBXBuildFile; fileRef = 13A0FF27088EDFC000E5436C /* CBops.h */; };
		132CC53309B11512007955DE /* Disk.h in Headers */ = {isa = PBXBuildFile; fileRef = 13A0FF29088EDFC000E5436C /* Disk.h */; };
		132CC53409B11512007955DE /* Drive.h in Headers */ = {isa = PBXBuildFile; fileRef = 13A0FF2B088EDFC000E5436C /* Drive.h */; };
		132CC53509B11512007955DE /* Clock.h in Headers */ = {isa = PBXBuildFile; fileRef = 13A0FF2D088EDFC100E5436C /* Clock.h */; };
		132CC53609B11512007955DE /* CPU.h in Headers */ = {isa = PBXBuildFile; fileRef = 13A0FF2F088EDFC100E5436C /* CPU.h */; };
		132CC53709B11512007955DE /* Screen.h in Headers */ = {isa = PBXBuildFile; fileRef = 13A0FF31088EDFC100E5436C /* Screen.h */; };
		132CC53809B11512007955DE /* Stream.h in Headers */ = {isa = PBXBuildFile; fileRef = 13A0FF33088EDFC100E5436C /* Stream.h */; };
		132CC53909B11512007955DE /* Debug.h in Headers */ = {isa = PBXBuildFile; fileRef = 13A0FF3A088EDFC100E5436C /* Debug.h */; };
		132CC53A09B11512007955DE /* Disassem.h in Headers */ = {isa = PBXBuildFile; fileRef = 13A0FF3C088EDFC100E5436C /* Disassem.h */; };
		132CC53B09B11512007955DE /* EDops.h in Headers */ = {isa = PBXBuildFile; fileRef = 13A0FF3D088EDFC100E5436C /* EDops.h */; };
		132CC53C09B11512007955DE /* Expr.h in Headers */ = {isa = PBXBuildFile; fileRef = 13A0FF3F088EDFC100E5436C /* Expr.h */; };
		132CC53D09B11512007955DE /* Font.h in Headers */ = {isa = PBXBuildFile; fileRef = 13A0FF41088EDFC100E5436C /* Font.h */; };
		132CC53E09B11512007955DE /* Frame.h in Headers */ = {isa = PBXBuildFile; fileRef = 13A0FF43088EDFC100E5436C /* Frame.h */; };
		132CC53F09B11512007955DE /* GUI.h in Headers */ = {isa = PBXBuildFile; fileRef = 13A0FF45088EDFC100E5436C /* GUI.h */; };
		132CC54009B11512007955DE /* GUIDlg.h in Headers */ = {isa = PBXBuildFile; fileRef = 13A0FF47088EDFC100E5436C /* GUIDlg.h */; };
		132CC54109B11512007955DE /* GUIIcons.h in Headers */ = {isa = PBXBuildFile; fileRef = 13A0FF49088EDFC100E5436C /* GUIIcons.h */; };
		132CC54209B11512007955DE /* HardDisk.h in Headers */ = {isa = PBXBuildFile; fileRef = 13A0FF4B088EDFC100E5436C /* HardDisk.h */; };
		132CC54309B11512007955DE /* HDBOOT.h in Headers */ = {isa = PBXBuildFile; fileRef = 13A0FF4C088EDFC100E5436C /* HDBOOT.h */; };
		132CC54409B11512007955DE /* IO.h in Headers */ = {isa = PBXBuildFile; fileRef = 13A0FF4E088EDFC100E5436C /* IO.h */; };
		132CC54509B11512007955DE /* Main.h in Headers */ = {isa = PBXBuildFile; fileRef = 13A0FF50088EDFC100E5436C /* Main.h */; };
		132CC54609B11512007955DE /* Memory.h in Headers */ = {isa = PBXBuildFile; fileRef = 13A0FF52088EDFC100E5436C /* Memory.h */; };
		132CC54709B11512007955DE /* Mouse.h in Headers */ = {isa = PBXBuildFile; fileRef = 13A0FF54088EDFC100E5436C /* Mouse.h */; };
		132CC54809B11512007955DE /* Options.h in Headers */ = {isa = PBXBuildFile; fileRef = 13A0FF56088EDFC100E5436C /* Options.h */; };
		132CC54909B11512007955DE /* Parallel.h in Headers */ = {isa = PBXBuildFile; fileRef = 13A0FF58088EDFC100E5436C /* Parallel.h */; };
		132CC54A09B11512007955DE /* PNG.h in Headers */ = {isa = PBXBuildFile; fileRef = 13A0FF5A088EDFC100E5436C /* PNG.h */; };
		132CC54C09B11512007955DE /* SAM.h in Headers */ = {isa = PBXBuildFile; fileRef = 13A0FF5D088EDFC100E5436C /* SAM.h */; };
		132CC54D09B11512007955DE /* SAMDOS.h in Headers */ = {isa = PBXBuildFile; fileRef = 13A0FF5E088EDFC100E5436C /* SAMDOS.h */; };
		132CC54E09B11512007955DE /* SAMROM.h in Headers */ = {isa = PBXBuildFile; fileRef = 13A0FF5F088EDFC100E5436C /* SAMROM.h */; };
		132CC54F09B11512007955DE /* SDIDE.h in Headers */ = {isa = PBXBuildFile; fileRef = 13A0FF61088EDFC100E5436C /* SDIDE.h */; };
		132CC55009B11512007955DE /* SimCoupe.h in Headers */ = {isa = PBXBuildFile; fileRef = 13A0FF62088EDFC100E5436C /* SimCoupe.h */; };
		132CC55109B11512007955DE /* Util.h in Headers */ = {isa = PBXBuildFile; fileRef = 13A0FF64088EDFC100E5436C /* Util.h */; };
		132CC55209B11512007955DE /* VL1772.h in Headers */ = {isa = PBXBuildFile; fileRef = 13A0FF65088EDFC100E5436C /* VL1772.h */; };
		132CC55309B11512007955DE /* YATBus.h in Headers */ = {isa = PBXBuildFile; fileRef = 13A0FF67088EDFC100E5436C /* YATBus.h */; };
		132CC55409B11512007955DE /* Z80ops.h in Headers */ = {isa = PBXBuildFile; fileRef = 13A0FF68088EDFC100E5436C /* Z80ops.h */; };
		132CC55509B11512007955DE /* ioapi.h in Headers */ = {isa = PBXBuildFile; fileRef = 13A0FFB3088EDFFF00E5436C /* ioapi.h */; };
		132CC55709B11512007955DE /* unzip.h in Headers */ = {isa = PBXBuildFile; fileRef = 13A0FFB7088EDFFF00E5436C /* unzip.h */; };
		132CC55809B11512007955DE /* Options.h in Headers */ = {isa = PBXBuildFile; fileRef = 1374D22C09747359001B908F /* Options.h */; };
		132CC55A09B11512007955DE /* InfoPlist.strings in Resources */ = {isa = PBXBuildFile; fileRef = 089C165CFE840E0CC02AAC07 /* InfoPlist.strings */; };
		132CC55B09B11512007955DE /* SDLMain.nib in Resources */ = {isa = PBXBuildFile; fileRef = 13A0FFEA088EE18600E5436C /* SDLMain.nib */; };
		132CC55C09B11512007955DE /* SimCoupe.icns in Resources */ = {isa = PBXBuildFile; fileRef = 13A0FFEF088EE20300E5436C /* SimCoupe.icns */; };
		132CC55E09B11512007955DE /* Credits.html in Resources */ = {isa = PBXBuildFile; fileRef = 13486F5C0891A08300DB38E0 /* Credits.html */; };
		132CC56009B11512007955DE /* ChangeLog.txt in Resources */ = {isa = PBXBuildFile; fileRef = 1314531C08A2C39F008C1AB7 /* ChangeLog.txt */; };
		132CC56109B11512007955DE /* Options.nib in Resources */ = {isa = PBXBuildFile; fileRef = 1374D20109746C5E001B908F /* Options.nib */; };
		132CC56309B11512007955DE /* SDLMain.m in Sources */ = {isa = PBXBuildFile; fileRef = F5A47A9E01A0483001D3D55B /* SDLMain.m */; };
		132CC56409B11512007955DE /* Display.cpp in Sources */ = {isa = PBXBuildFile; fileRef = 13A0FE78088EDF7B00E5436C /* Display.cpp */; };
		132CC56509B11512007955DE /* Floppy.cpp in Sources */ = {isa = PBXBuildFile; fileRef = 13A0FE7A088EDF7B00E5436C /* Floppy.cpp */; };
		132CC56609B11512007955DE /* IDEDisk.cpp in Sources */ = {isa = PBXBuildFile; fileRef = 13A0FE7C088EDF7B00E5436C /* IDEDisk.cpp */; };
		132CC56709B11512007955DE /* Input.cpp in Sources */ = {isa = PBXBuildFile; fileRef = 13A0FE7E088EDF7B00E5436C /* Input.cpp */; };
		132CC56809B11512007955DE /* MIDI.cpp in Sources */ = {isa = PBXBuildFile; fileRef = 13A0FE81088EDF7B00E5436C /* MIDI.cpp */; };
		132CC56909B11512007955DE /* OSD.cpp in Sources */ = {isa = PBXBuildFile; fileRef = 13A0FE83088EDF7B00E5436C /* OSD.cpp */; };
		132CC56B09B11512007955DE /* UI.cpp in Sources */ = {isa = PBXBuildFile; fileRef = 13A0FEFE088EDF7C00E5436C /* UI.cpp */; };
		132CC56C09B11512007955DE /* Video.cpp in Sources */ = {isa = PBXBuildFile; fileRef = 13A0FF00088EDF7C00E5436C /* Video.cpp */; };
		132CC56D09B11512007955DE /* Action.cpp in Sources */ = {isa = PBXBuildFile; fileRef = 13A0FF21088EDFC000E5436C /* Action.cpp */; };
		132CC56E09B11512007955DE /* ATA.cpp in Sources */ = {isa = PBXBuildFile; fileRef = 13A0FF23088EDFC000E5436C /* ATA.cpp */; };
		132CC56F09B11512007955DE /* Atom.cpp in Sources */ = {isa = PBXBuildFile; fileRef = 13A0FF25088EDFC000E5436C /* Atom.cpp */; };
		132CC57009B11512007955DE /* Disk.cpp in Sources */ = {isa = PBXBuildFile; fileRef = 13A0FF28088EDFC000E5436C /* Disk.cpp */; };
		132CC57109B11512007955DE /* Drive.cpp in Sources */ = {isa = PBXBuildFile; fileRef = 13A0FF2A088EDFC000E5436C /* Drive.cpp */; };
		132CC57209B11512007955DE /* Clock.cpp in Sources */ = {isa = PBXBuildFile; fileRef = 13A0FF2C088EDFC100E5436C /* Clock.cpp */; };
		132CC57309B11512007955DE /* CPU.cpp in Sources */ = {isa = PBXBuildFile; fileRef = 13A0FF2E088EDFC100E5436C /* CPU.cpp */; };
		132CC57409B11512007955DE /* Screen.cpp in Sources */ = {isa = PBXBuildFile; fileRef = 13A0FF30088EDFC100E5436C /* Screen.cpp */; };
		132CC57509B11512007955DE /* Stream.cpp in Sources */ = {isa = PBXBuildFile; fileRef = 13A0FF32088EDFC100E5436C /* Stream.cpp */; };
		132CC57609B11512007955DE /* Debug.cpp in Sources */ = {isa = PBXBuildFile; fileRef = 13A0FF39088EDFC100E5436C /* Debug.cpp */; };
		132CC57709B11512007955DE /* Disassem.cpp in Sources */ = {isa = PBXBuildFile; fileRef = 13A0FF3B088EDFC100E5436C /* Disassem.cpp */; };
		132CC57809B11512007955DE /* Expr.cpp in Sources */ = {isa = PBXBuildFile; fileRef = 13A0FF3E088EDFC100E5436C /* Expr.cpp */; };
		132CC57909B11512007955DE /* Font.cpp in Sources */ = {isa = PBXBuildFile; fileRef = 13A0FF40088EDFC100E5436C /* Font.cpp */; };
		132CC57A09B11512007955DE /* Frame.cpp in Sources */ = {isa = PBXBuildFile; fileRef = 13A0FF42088EDFC100E5436C /* Frame.cpp */; };
		132CC57B09B11512007955DE /* GUI.cpp in Sources */ = {isa = PBXBuildFile; fileRef = 13A0FF44088EDFC100E5436C /* GUI.cpp */; };
		132CC57C09B11512007955DE /* GUIDlg.cpp in Sources */ = {isa = PBXBuildFile; fileRef = 13A0FF46088EDFC100E5436C /* GUIDlg.cpp */; };
		132CC57D09B11512007955DE /* GUIIcons.cpp in Sources */ = {isa = PBXBuildFile; fileRef = 13A0FF48088EDFC100E5436C /* GUIIcons.cpp */; };
		132CC57E09B11512007955DE /* HardDisk.cpp in Sources */ = {isa = PBXBuildFile; fileRef = 13A0FF4A088EDFC100E5436C /* HardDisk.cpp */; };
		132CC57F09B11512007955DE /* IO.cpp in Sources */ = {isa = PBXBuildFile; fileRef = 13A0FF4D088EDFC100E5436C /* IO.cpp */; };
		132CC58009B11512007955DE /* Main.cpp in Sources */ = {isa = PBXBuildFile; fileRef = 13A0FF4F088EDFC100E5436C /* Main.cpp */; };
		132CC58109B11512007955DE /* Memory.cpp in Sources */ = {isa = PBXBuildFile; fileRef = 13A0FF51088EDFC100E5436C /* Memory.cpp */; };
		132CC58209B11512007955DE /* Mouse.cpp in Sources */ = {isa = PBXBuildFile; fileRef = 13A0FF53088EDFC100E5436C /* Mouse.cpp */; };
		132CC58309B11512007955DE /* Options.cpp in Sources */ = {isa = PBXBuildFile; fileRef = 13A0FF55088EDFC100E5436C /* Options.cpp */; };
		132CC58409B11512007955DE /* Parallel.cpp in Sources */ = {isa = PBXBuildFile; fileRef = 13A0FF57088EDFC100E5436C /* Parallel.cpp */; };
		132CC58509B11512007955DE /* PNG.cpp in Sources */ = {isa = PBXBuildFile; fileRef = 13A0FF59088EDFC100E5436C /* PNG.cpp */; };
		132CC58709B11512007955DE /* SDIDE.cpp in Sources */ = {isa = PBXBuildFile; fileRef = 13A0FF60088EDFC100E5436C /* SDIDE.cpp */; };
		132CC58809B11512007955DE /* Util.cpp in Sources */ = {isa = PBXBuildFile; fileRef = 13A0FF63088EDFC100E5436C /* Util.cpp */; };
		132CC58909B11512007955DE /* YATBus.cpp in Sources */ = {isa = PBXBuildFile; fileRef = 13A0FF66088EDFC100E5436C /* YATBus.cpp */; };
		132CC58A09B11512007955DE /* ioapi.c in Sources */ = {isa = PBXBuildFile; fileRef = 13A0FFB2088EDFFF00E5436C /* ioapi.c */; };
		132CC58C09B11512007955DE /* unzip.c in Sources */ = {isa = PBXBuildFile; fileRef = 13A0FFB6088EDFFF00E5436C /* unzip.c */; };
		132CC58D09B11512007955DE /* Options.m in Sources */ = {isa = PBXBuildFile; fileRef = 1374D22D09747359001B908F /* Options.m */; };
		132CC58F09B11512007955DE /* Cocoa.framework in Frameworks */ = {isa = PBXBuildFile; fileRef = 1058C7A1FEA54F0111CA2CBB /* Cocoa.framework */; };
		132CC59009B11512007955DE /* OpenGL.framework in Frameworks */ = {isa = PBXBuildFile; fileRef = B2F67ED704C74A3F00A80002 /* OpenGL.framework */; };
		132CC59109B11512007955DE /* libz.dylib in Frameworks */ = {isa = PBXBuildFile; fileRef = 13A0FFF4088EE31A00E5436C /* libz.dylib */; };
		132CC59209B11512007955DE /* SDL.framework in Frameworks */ = {isa = PBXBuildFile; fileRef = 13E5AE69088FBB1F00EACEBE /* SDL.framework */; };
		133C17DD14E9D59B001F12B2 /* reSID.framework in Frameworks */ = {isa = PBXBuildFile; fileRef = 133C17DC14E9D59B001F12B2 /* reSID.framework */; };
		1358F5CA0A6C12AE00D20135 /* file_blank.icns in Resources */ = {isa = PBXBuildFile; fileRef = 1358F5C30A6C12AE00D20135 /* file_blank.icns */; };
		1358F5CB0A6C12AE00D20135 /* file_dsk.icns in Resources */ = {isa = PBXBuildFile; fileRef = 1358F5C40A6C12AE00D20135 /* file_dsk.icns */; };
		1358F5CC0A6C12AE00D20135 /* file_mgt.icns in Resources */ = {isa = PBXBuildFile; fileRef = 1358F5C50A6C12AE00D20135 /* file_mgt.icns */; };
		1358F5CD0A6C12AE00D20135 /* file_sad.icns in Resources */ = {isa = PBXBuildFile; fileRef = 1358F5C60A6C12AE00D20135 /* file_sad.icns */; };
		1358F5CE0A6C12AE00D20135 /* file_sbt.icns in Resources */ = {isa = PBXBuildFile; fileRef = 1358F5C70A6C12AE00D20135 /* file_sbt.icns */; };
		137B74B815116725004D0661 /* AtomLite.cpp in Sources */ = {isa = PBXBuildFile; fileRef = 137B74B615116725004D0661 /* AtomLite.cpp */; };
		137B74B915116725004D0661 /* AtomLite.h in Headers */ = {isa = PBXBuildFile; fileRef = 137B74B715116725004D0661 /* AtomLite.h */; };
		1386FD0514FD163600F4032B /* AVI.cpp in Sources */ = {isa = PBXBuildFile; fileRef = 1386FCFB14FD163600F4032B /* AVI.cpp */; };
		1386FD0614FD163600F4032B /* AVI.h in Headers */ = {isa = PBXBuildFile; fileRef = 1386FCFC14FD163600F4032B /* AVI.h */; };
		1386FD0714FD163600F4032B /* GIF.cpp in Sources */ = {isa = PBXBuildFile; fileRef = 1386FCFD14FD163600F4032B /* GIF.cpp */; };
		1386FD0814FD163600F4032B /* GIF.h in Headers */ = {isa = PBXBuildFile; fileRef = 1386FCFE14FD163600F4032B /* GIF.h */; };
		1386FD0914FD163600F4032B /* Paula.cpp in Sources */ = {isa = PBXBuildFile; fileRef = 1386FCFF14FD163600F4032B /* Paula.cpp */; };
		1386FD0A14FD163600F4032B /* Paula.h in Headers */ = {isa = PBXBuildFile; fileRef = 1386FD0014FD163600F4032B /* Paula.h */; };
		1386FD0B14FD163600F4032B /* SAMVox.cpp in Sources */ = {isa = PBXBuildFile; fileRef = 1386FD0114FD163600F4032B /* SAMVox.cpp */; };
		1386FD0C14FD163600F4032B /* SAMVox.h in Headers */ = {isa = PBXBuildFile; fileRef = 1386FD0214FD163600F4032B /* SAMVox.h */; };
		1386FD0D14FD163600F4032B /* WAV.cpp in Sources */ = {isa = PBXBuildFile; fileRef = 1386FD0314FD163600F4032B /* WAV.cpp */; };
		1386FD0E14FD163600F4032B /* WAV.h in Headers */ = {isa = PBXBuildFile; fileRef = 1386FD0414FD163600F4032B /* WAV.h */; };
		1393973515473E26007DD788 /* reSID.framework in CopyFiles */ = {isa = PBXBuildFile; fileRef = 133C17DC14E9D59B001F12B2 /* reSID.framework */; };
		13EC1B3014E95BD800FA9EDB /* Joystick.cpp in Sources */ = {isa = PBXBuildFile; fileRef = 13EC1B2614E95BD800FA9EDB /* Joystick.cpp */; };
		13EC1B3114E95BD800FA9EDB /* Joystick.h in Headers */ = {isa = PBXBuildFile; fileRef = 13EC1B2714E95BD800FA9EDB /* Joystick.h */; };
		13EC1B3214E95BD800FA9EDB /* Keyboard.cpp in Sources */ = {isa = PBXBuildFile; fileRef = 13EC1B2814E95BD800FA9EDB /* Keyboard.cpp */; };
		13EC1B3314E95BD800FA9EDB /* Keyboard.h in Headers */ = {isa = PBXBuildFile; fileRef = 13EC1B2914E95BD800FA9EDB /* Keyboard.h */; };
		13EC1B3414E95BD800FA9EDB /* SAA1099.cpp in Sources */ = {isa = PBXBuildFile; fileRef = 13EC1B2A14E95BD800FA9EDB /* SAA1099.cpp */; };
		13EC1B3514E95BD800FA9EDB /* SAA1099.h in Headers */ = {isa = PBXBuildFile; fileRef = 13EC1B2B14E95BD800FA9EDB /* SAA1099.h */; };
		13EC1B3614E95BD800FA9EDB /* SID.cpp in Sources */ = {isa = PBXBuildFile; fileRef = 13EC1B2C14E95BD800FA9EDB /* SID.cpp */; };
		13EC1B3714E95BD800FA9EDB /* SID.h in Headers */ = {isa = PBXBuildFile; fileRef = 13EC1B2D14E95BD800FA9EDB /* SID.h */; };
		13EC1B3814E95BD800FA9EDB /* Sound.cpp in Sources */ = {isa = PBXBuildFile; fileRef = 13EC1B2E14E95BD800FA9EDB /* Sound.cpp */; };
		13EC1B3914E95BD800FA9EDB /* Sound.h in Headers */ = {isa = PBXBuildFile; fileRef = 13EC1B2F14E95BD800FA9EDB /* Sound.h */; };
		13EC1B3C14E95BF600FA9EDB /* Audio.cpp in Sources */ = {isa = PBXBuildFile; fileRef = 13EC1B3A14E95BF600FA9EDB /* Audio.cpp */; };
		13EC1B3D14E95BF600FA9EDB /* Audio.h in Headers */ = {isa = PBXBuildFile; fileRef = 13EC1B3B14E95BF600FA9EDB /* Audio.h */; };
		13EC1B4214E95C2400FA9EDB /* BlipBuffer.cpp in Sources */ = {isa = PBXBuildFile; fileRef = 13EC1B3E14E95C2400FA9EDB /* BlipBuffer.cpp */; };
		13EC1B4314E95C2400FA9EDB /* BlipBuffer.h in Headers */ = {isa = PBXBuildFile; fileRef = 13EC1B3F14E95C2400FA9EDB /* BlipBuffer.h */; };
		13EC1B4414E95C2400FA9EDB /* BlueAlpha.cpp in Sources */ = {isa = PBXBuildFile; fileRef = 13EC1B4014E95C2400FA9EDB /* BlueAlpha.cpp */; };
		13EC1B4514E95C2400FA9EDB /* BlueAlpha.h in Headers */ = {isa = PBXBuildFile; fileRef = 13EC1B4114E95C2400FA9EDB /* BlueAlpha.h */; };
		13F693EE0A6D7FA000962105 /* Volume.icns in Resources */ = {isa = PBXBuildFile; fileRef = 13F693ED0A6D7FA000962105 /* Volume.icns */; };
		13F694850A70303400962105 /* SimCoupe.rtf in Resources */ = {isa = PBXBuildFile; fileRef = 13F694840A70303400962105 /* SimCoupe.rtf */; };
/* End PBXBuildFile section */

/* Begin PBXCopyFilesBuildPhase section */
		132CC52109B11512007955DE /* CopyFiles */ = {
			isa = PBXCopyFilesBuildPhase;
			buildActionMask = 2147483647;
			dstPath = "";
			dstSubfolderSpec = 10;
			files = (
				132CC52309B11512007955DE /* SDL.framework in CopyFiles */,
				1393973515473E26007DD788 /* reSID.framework in CopyFiles */,
			);
			runOnlyForDeploymentPostprocessing = 0;
		};
/* End PBXCopyFilesBuildPhase section */

/* Begin PBXFileReference section */
		089C165DFE840E0CC02AAC07 /* English */ = {isa = PBXFileReference; fileEncoding = 10; lastKnownFileType = text.plist.strings; name = English; path = English.lproj/InfoPlist.strings; sourceTree = "<group>"; };
		1058C7A1FEA54F0111CA2CBB /* Cocoa.framework */ = {isa = PBXFileReference; lastKnownFileType = wrapper.framework; name = Cocoa.framework; path = /System/Library/Frameworks/Cocoa.framework; sourceTree = "<absolute>"; };
		1314531C08A2C39F008C1AB7 /* ChangeLog.txt */ = {isa = PBXFileReference; fileEncoding = 30; lastKnownFileType = text; name = ChangeLog.txt; path = ../../ChangeLog.txt; sourceTree = "<group>"; };
		132CC59809B11512007955DE /* Info-SimCoupe.plist */ = {isa = PBXFileReference; lastKnownFileType = text.plist.xml; path = "Info-SimCoupe.plist"; sourceTree = "<group>"; };
		132CC59909B11512007955DE /* SimCoupe.app */ = {isa = PBXFileReference; explicitFileType = wrapper.application; includeInIndex = 0; path = SimCoupe.app; sourceTree = BUILT_PRODUCTS_DIR; };
		133C17DC14E9D59B001F12B2 /* reSID.framework */ = {isa = PBXFileReference; lastKnownFileType = wrapper.framework; name = reSID.framework; path = /Library/Frameworks/reSID.framework; sourceTree = "<absolute>"; };
		13486F5C0891A08300DB38E0 /* Credits.html */ = {isa = PBXFileReference; fileEncoding = 4; lastKnownFileType = text.html; path = Credits.html; sourceTree = "<group>"; };
		1358F5C30A6C12AE00D20135 /* file_blank.icns */ = {isa = PBXFileReference; lastKnownFileType = image.icns; path = file_blank.icns; sourceTree = "<group>"; };
		1358F5C40A6C12AE00D20135 /* file_dsk.icns */ = {isa = PBXFileReference; lastKnownFileType = image.icns; path = file_dsk.icns; sourceTree = "<group>"; };
		1358F5C50A6C12AE00D20135 /* file_mgt.icns */ = {isa = PBXFileReference; lastKnownFileType = image.icns; path = file_mgt.icns; sourceTree = "<group>"; };
		1358F5C60A6C12AE00D20135 /* file_sad.icns */ = {isa = PBXFileReference; lastKnownFileType = image.icns; path = file_sad.icns; sourceTree = "<group>"; };
		1358F5C70A6C12AE00D20135 /* file_sbt.icns */ = {isa = PBXFileReference; lastKnownFileType = image.icns; path = file_sbt.icns; sourceTree = "<group>"; };
		1374D20109746C5E001B908F /* Options.nib */ = {isa = PBXFileReference; lastKnownFileType = wrapper.nib; path = Options.nib; sourceTree = "<group>"; };
		1374D22C09747359001B908F /* Options.h */ = {isa = PBXFileReference; fileEncoding = 4; lastKnownFileType = sourcecode.c.h; path = Options.h; sourceTree = "<group>"; };
		1374D22D09747359001B908F /* Options.m */ = {isa = PBXFileReference; fileEncoding = 4; lastKnownFileType = sourcecode.c.objc; path = Options.m; sourceTree = "<group>"; };
		137B74B615116725004D0661 /* AtomLite.cpp */ = {isa = PBXFileReference; fileEncoding = 4; lastKnownFileType = sourcecode.cpp.cpp; name = AtomLite.cpp; path = ../../Base/AtomLite.cpp; sourceTree = "<group>"; };
		137B74B715116725004D0661 /* AtomLite.h */ = {isa = PBXFileReference; fileEncoding = 4; lastKnownFileType = sourcecode.c.h; name = AtomLite.h; path = ../../Base/AtomLite.h; sourceTree = "<group>"; };
		1386FCFB14FD163600F4032B /* AVI.cpp */ = {isa = PBXFileReference; fileEncoding = 4; lastKnownFileType = sourcecode.cpp.cpp; name = AVI.cpp; path = ../../Base/AVI.cpp; sourceTree = "<group>"; };
		1386FCFC14FD163600F4032B /* AVI.h */ = {isa = PBXFileReference; fileEncoding = 4; lastKnownFileType = sourcecode.c.h; name = AVI.h; path = ../../Base/AVI.h; sourceTree = "<group>"; };
		1386FCFD14FD163600F4032B /* GIF.cpp */ = {isa = PBXFileReference; fileEncoding = 4; lastKnownFileType = sourcecode.cpp.cpp; name = GIF.cpp; path = ../../Base/GIF.cpp; sourceTree = "<group>"; };
		1386FCFE14FD163600F4032B /* GIF.h */ = {isa = PBXFileReference; fileEncoding = 4; lastKnownFileType = sourcecode.c.h; name = GIF.h; path = ../../Base/GIF.h; sourceTree = "<group>"; };
		1386FCFF14FD163600F4032B /* Paula.cpp */ = {isa = PBXFileReference; fileEncoding = 4; lastKnownFileType = sourcecode.cpp.cpp; name = Paula.cpp; path = ../../Base/Paula.cpp; sourceTree = "<group>"; };
		1386FD0014FD163600F4032B /* Paula.h */ = {isa = PBXFileReference; fileEncoding = 4; lastKnownFileType = sourcecode.c.h; name = Paula.h; path = ../../Base/Paula.h; sourceTree = "<group>"; };
		1386FD0114FD163600F4032B /* SAMVox.cpp */ = {isa = PBXFileReference; fileEncoding = 4; lastKnownFileType = sourcecode.cpp.cpp; name = SAMVox.cpp; path = ../../Base/SAMVox.cpp; sourceTree = "<group>"; };
		1386FD0214FD163600F4032B /* SAMVox.h */ = {isa = PBXFileReference; fileEncoding = 4; lastKnownFileType = sourcecode.c.h; name = SAMVox.h; path = ../../Base/SAMVox.h; sourceTree = "<group>"; };
		1386FD0314FD163600F4032B /* WAV.cpp */ = {isa = PBXFileReference; fileEncoding = 4; lastKnownFileType = sourcecode.cpp.cpp; name = WAV.cpp; path = ../../Base/WAV.cpp; sourceTree = "<group>"; };
		1386FD0414FD163600F4032B /* WAV.h */ = {isa = PBXFileReference; fileEncoding = 4; lastKnownFileType = sourcecode.c.h; name = WAV.h; path = ../../Base/WAV.h; sourceTree = "<group>"; };
		13A0FE78088EDF7B00E5436C /* Display.cpp */ = {isa = PBXFileReference; fileEncoding = 4; lastKnownFileType = sourcecode.cpp.cpp; name = Display.cpp; path = ../Display.cpp; sourceTree = "<group>"; };
		13A0FE79088EDF7B00E5436C /* Display.h */ = {isa = PBXFileReference; fileEncoding = 4; lastKnownFileType = sourcecode.c.h; name = Display.h; path = ../Display.h; sourceTree = "<group>"; };
		13A0FE7A088EDF7B00E5436C /* Floppy.cpp */ = {isa = PBXFileReference; fileEncoding = 4; lastKnownFileType = sourcecode.cpp.cpp; name = Floppy.cpp; path = ../Floppy.cpp; sourceTree = "<group>"; };
		13A0FE7B088EDF7B00E5436C /* Floppy.h */ = {isa = PBXFileReference; fileEncoding = 4; lastKnownFileType = sourcecode.c.h; name = Floppy.h; path = ../Floppy.h; sourceTree = "<group>"; };
		13A0FE7C088EDF7B00E5436C /* IDEDisk.cpp */ = {isa = PBXFileReference; fileEncoding = 4; lastKnownFileType = sourcecode.cpp.cpp; name = IDEDisk.cpp; path = ../IDEDisk.cpp; sourceTree = "<group>"; };
		13A0FE7D088EDF7B00E5436C /* IDEDisk.h */ = {isa = PBXFileReference; fileEncoding = 4; lastKnownFileType = sourcecode.c.h; name = IDEDisk.h; path = ../IDEDisk.h; sourceTree = "<group>"; };
		13A0FE7E088EDF7B00E5436C /* Input.cpp */ = {isa = PBXFileReference; fileEncoding = 4; lastKnownFileType = sourcecode.cpp.cpp; name = Input.cpp; path = ../Input.cpp; sourceTree = "<group>"; };
		13A0FE7F088EDF7B00E5436C /* Input.h */ = {isa = PBXFileReference; fileEncoding = 4; lastKnownFileType = sourcecode.c.h; name = Input.h; path = ../Input.h; sourceTree = "<group>"; };
		13A0FE81088EDF7B00E5436C /* MIDI.cpp */ = {isa = PBXFileReference; fileEncoding = 4; lastKnownFileType = sourcecode.cpp.cpp; name = MIDI.cpp; path = ../MIDI.cpp; sourceTree = "<group>"; };
		13A0FE82088EDF7B00E5436C /* MIDI.h */ = {isa = PBXFileReference; fileEncoding = 4; lastKnownFileType = sourcecode.c.h; name = MIDI.h; path = ../MIDI.h; sourceTree = "<group>"; };
		13A0FE83088EDF7B00E5436C /* OSD.cpp */ = {isa = PBXFileReference; fileEncoding = 4; lastKnownFileType = sourcecode.cpp.cpp; name = OSD.cpp; path = ../OSD.cpp; sourceTree = "<group>"; };
		13A0FE84088EDF7B00E5436C /* OSD.h */ = {isa = PBXFileReference; fileEncoding = 4; lastKnownFileType = sourcecode.c.h; name = OSD.h; path = ../OSD.h; sourceTree = "<group>"; };
		13A0FEFE088EDF7C00E5436C /* UI.cpp */ = {isa = PBXFileReference; fileEncoding = 4; indentWidth = 4; lastKnownFileType = sourcecode.cpp.cpp; name = UI.cpp; path = ../UI.cpp; sourceTree = "<group>"; tabWidth = 4; usesTabs = 0; };
		13A0FEFF088EDF7C00E5436C /* UI.h */ = {isa = PBXFileReference; fileEncoding = 4; lastKnownFileType = sourcecode.c.h; name = UI.h; path = ../UI.h; sourceTree = "<group>"; };
		13A0FF00088EDF7C00E5436C /* Video.cpp */ = {isa = PBXFileReference; fileEncoding = 4; lastKnownFileType = sourcecode.cpp.cpp; name = Video.cpp; path = ../Video.cpp; sourceTree = "<group>"; };
		13A0FF01088EDF7C00E5436C /* Video.h */ = {isa = PBXFileReference; fileEncoding = 4; lastKnownFileType = sourcecode.c.h; name = Video.h; path = ../Video.h; sourceTree = "<group>"; };
		13A0FF21088EDFC000E5436C /* Action.cpp */ = {isa = PBXFileReference; fileEncoding = 4; lastKnownFileType = sourcecode.cpp.cpp; name = Action.cpp; path = ../../Base/Action.cpp; sourceTree = "<group>"; };
		13A0FF22088EDFC000E5436C /* Action.h */ = {isa = PBXFileReference; fileEncoding = 4; lastKnownFileType = sourcecode.c.h; name = Action.h; path = ../../Base/Action.h; sourceTree = "<group>"; };
		13A0FF23088EDFC000E5436C /* ATA.cpp */ = {isa = PBXFileReference; fileEncoding = 4; lastKnownFileType = sourcecode.cpp.cpp; name = ATA.cpp; path = ../../Base/ATA.cpp; sourceTree = "<group>"; };
		13A0FF24088EDFC000E5436C /* ATA.h */ = {isa = PBXFileReference; fileEncoding = 4; lastKnownFileType = sourcecode.c.h; name = ATA.h; path = ../../Base/ATA.h; sourceTree = "<group>"; };
		13A0FF25088EDFC000E5436C /* Atom.cpp */ = {isa = PBXFileReference; fileEncoding = 4; lastKnownFileType = sourcecode.cpp.cpp; name = Atom.cpp; path = ../../Base/Atom.cpp; sourceTree = "<group>"; };
		13A0FF26088EDFC000E5436C /* Atom.h */ = {isa = PBXFileReference; fileEncoding = 4; lastKnownFileType = sourcecode.c.h; name = Atom.h; path = ../../Base/Atom.h; sourceTree = "<group>"; };
		13A0FF27088EDFC000E5436C /* CBops.h */ = {isa = PBXFileReference; fileEncoding = 4; lastKnownFileType = sourcecode.c.h; name = CBops.h; path = ../../Base/CBops.h; sourceTree = "<group>"; };
		13A0FF28088EDFC000E5436C /* Disk.cpp */ = {isa = PBXFileReference; fileEncoding = 4; lastKnownFileType = sourcecode.cpp.cpp; name = Disk.cpp; path = ../../Base/Disk.cpp; sourceTree = "<group>"; };
		13A0FF29088EDFC000E5436C /* Disk.h */ = {isa = PBXFileReference; fileEncoding = 4; lastKnownFileType = sourcecode.c.h; name = Disk.h; path = ../../Base/Disk.h; sourceTree = "<group>"; };
		13A0FF2A088EDFC000E5436C /* Drive.cpp */ = {isa = PBXFileReference; fileEncoding = 4; lastKnownFileType = sourcecode.cpp.cpp; name = Drive.cpp; path = ../../Base/Drive.cpp; sourceTree = "<group>"; };
		13A0FF2B088EDFC000E5436C /* Drive.h */ = {isa = PBXFileReference; fileEncoding = 4; lastKnownFileType = sourcecode.c.h; name = Drive.h; path = ../../Base/Drive.h; sourceTree = "<group>"; };
		13A0FF2C088EDFC100E5436C /* Clock.cpp */ = {isa = PBXFileReference; fileEncoding = 4; lastKnownFileType = sourcecode.cpp.cpp; name = Clock.cpp; path = ../../Base/Clock.cpp; sourceTree = "<group>"; };
		13A0FF2D088EDFC100E5436C /* Clock.h */ = {isa = PBXFileReference; fileEncoding = 4; lastKnownFileType = sourcecode.c.h; name = Clock.h; path = ../../Base/Clock.h; sourceTree = "<group>"; };
		13A0FF2E088EDFC100E5436C /* CPU.cpp */ = {isa = PBXFileReference; fileEncoding = 4; lastKnownFileType = sourcecode.cpp.cpp; name = CPU.cpp; path = ../../Base/CPU.cpp; sourceTree = "<group>"; };
		13A0FF2F088EDFC100E5436C /* CPU.h */ = {isa = PBXFileReference; fileEncoding = 4; lastKnownFileType = sourcecode.c.h; name = CPU.h; path = ../../Base/CPU.h; sourceTree = "<group>"; };
		13A0FF30088EDFC100E5436C /* Screen.cpp */ = {isa = PBXFileReference; fileEncoding = 4; lastKnownFileType = sourcecode.cpp.cpp; name = Screen.cpp; path = ../../Base/Screen.cpp; sourceTree = "<group>"; };
		13A0FF31088EDFC100E5436C /* Screen.h */ = {isa = PBXFileReference; fileEncoding = 4; lastKnownFileType = sourcecode.c.h; name = Screen.h; path = ../../Base/Screen.h; sourceTree = "<group>"; };
		13A0FF32088EDFC100E5436C /* Stream.cpp */ = {isa = PBXFileReference; fileEncoding = 4; lastKnownFileType = sourcecode.cpp.cpp; name = Stream.cpp; path = ../../Base/Stream.cpp; sourceTree = "<group>"; };
		13A0FF33088EDFC100E5436C /* Stream.h */ = {isa = PBXFileReference; fileEncoding = 4; lastKnownFileType = sourcecode.c.h; name = Stream.h; path = ../../Base/Stream.h; sourceTree = "<group>"; };
		13A0FF39088EDFC100E5436C /* Debug.cpp */ = {isa = PBXFileReference; fileEncoding = 4; lastKnownFileType = sourcecode.cpp.cpp; name = Debug.cpp; path = ../../Base/Debug.cpp; sourceTree = "<group>"; };
		13A0FF3A088EDFC100E5436C /* Debug.h */ = {isa = PBXFileReference; fileEncoding = 4; lastKnownFileType = sourcecode.c.h; name = Debug.h; path = ../../Base/Debug.h; sourceTree = "<group>"; };
		13A0FF3B088EDFC100E5436C /* Disassem.cpp */ = {isa = PBXFileReference; fileEncoding = 4; lastKnownFileType = sourcecode.cpp.cpp; name = Disassem.cpp; path = ../../Base/Disassem.cpp; sourceTree = "<group>"; };
		13A0FF3C088EDFC100E5436C /* Disassem.h */ = {isa = PBXFileReference; fileEncoding = 4; lastKnownFileType = sourcecode.c.h; name = Disassem.h; path = ../../Base/Disassem.h; sourceTree = "<group>"; };
		13A0FF3D088EDFC100E5436C /* EDops.h */ = {isa = PBXFileReference; fileEncoding = 4; lastKnownFileType = sourcecode.c.h; name = EDops.h; path = ../../Base/EDops.h; sourceTree = "<group>"; };
		13A0FF3E088EDFC100E5436C /* Expr.cpp */ = {isa = PBXFileReference; fileEncoding = 4; lastKnownFileType = sourcecode.cpp.cpp; name = Expr.cpp; path = ../../Base/Expr.cpp; sourceTree = "<group>"; };
		13A0FF3F088EDFC100E5436C /* Expr.h */ = {isa = PBXFileReference; fileEncoding = 4; lastKnownFileType = sourcecode.c.h; name = Expr.h; path = ../../Base/Expr.h; sourceTree = "<group>"; };
		13A0FF40088EDFC100E5436C /* Font.cpp */ = {isa = PBXFileReference; fileEncoding = 4; lastKnownFileType = sourcecode.cpp.cpp; name = Font.cpp; path = ../../Base/Font.cpp; sourceTree = "<group>"; };
		13A0FF41088EDFC100E5436C /* Font.h */ = {isa = PBXFileReference; fileEncoding = 4; lastKnownFileType = sourcecode.c.h; name = Font.h; path = ../../Base/Font.h; sourceTree = "<group>"; };
		13A0FF42088EDFC100E5436C /* Frame.cpp */ = {isa = PBXFileReference; fileEncoding = 4; lastKnownFileType = sourcecode.cpp.cpp; name = Frame.cpp; path = ../../Base/Frame.cpp; sourceTree = "<group>"; };
		13A0FF43088EDFC100E5436C /* Frame.h */ = {isa = PBXFileReference; fileEncoding = 4; lastKnownFileType = sourcecode.c.h; name = Frame.h; path = ../../Base/Frame.h; sourceTree = "<group>"; };
		13A0FF44088EDFC100E5436C /* GUI.cpp */ = {isa = PBXFileReference; fileEncoding = 4; lastKnownFileType = sourcecode.cpp.cpp; name = GUI.cpp; path = ../../Base/GUI.cpp; sourceTree = "<group>"; };
		13A0FF45088EDFC100E5436C /* GUI.h */ = {isa = PBXFileReference; fileEncoding = 4; lastKnownFileType = sourcecode.c.h; name = GUI.h; path = ../../Base/GUI.h; sourceTree = "<group>"; };
		13A0FF46088EDFC100E5436C /* GUIDlg.cpp */ = {isa = PBXFileReference; fileEncoding = 4; lastKnownFileType = sourcecode.cpp.cpp; name = GUIDlg.cpp; path = ../../Base/GUIDlg.cpp; sourceTree = "<group>"; };
		13A0FF47088EDFC100E5436C /* GUIDlg.h */ = {isa = PBXFileReference; fileEncoding = 4; lastKnownFileType = sourcecode.c.h; name = GUIDlg.h; path = ../../Base/GUIDlg.h; sourceTree = "<group>"; };
		13A0FF48088EDFC100E5436C /* GUIIcons.cpp */ = {isa = PBXFileReference; fileEncoding = 4; lastKnownFileType = sourcecode.cpp.cpp; name = GUIIcons.cpp; path = ../../Base/GUIIcons.cpp; sourceTree = "<group>"; };
		13A0FF49088EDFC100E5436C /* GUIIcons.h */ = {isa = PBXFileReference; fileEncoding = 4; lastKnownFileType = sourcecode.c.h; name = GUIIcons.h; path = ../../Base/GUIIcons.h; sourceTree = "<group>"; };
		13A0FF4A088EDFC100E5436C /* HardDisk.cpp */ = {isa = PBXFileReference; fileEncoding = 4; lastKnownFileType = sourcecode.cpp.cpp; name = HardDisk.cpp; path = ../../Base/HardDisk.cpp; sourceTree = "<group>"; };
		13A0FF4B088EDFC100E5436C /* HardDisk.h */ = {isa = PBXFileReference; fileEncoding = 4; lastKnownFileType = sourcecode.c.h; name = HardDisk.h; path = ../../Base/HardDisk.h; sourceTree = "<group>"; };
		13A0FF4C088EDFC100E5436C /* HDBOOT.h */ = {isa = PBXFileReference; fileEncoding = 4; lastKnownFileType = sourcecode.c.h; name = HDBOOT.h; path = ../../Base/HDBOOT.h; sourceTree = "<group>"; };
		13A0FF4D088EDFC100E5436C /* IO.cpp */ = {isa = PBXFileReference; fileEncoding = 4; lastKnownFileType = sourcecode.cpp.cpp; name = IO.cpp; path = ../../Base/IO.cpp; sourceTree = "<group>"; };
		13A0FF4E088EDFC100E5436C /* IO.h */ = {isa = PBXFileReference; fileEncoding = 4; lastKnownFileType = sourcecode.c.h; name = IO.h; path = ../../Base/IO.h; sourceTree = "<group>"; };
		13A0FF4F088EDFC100E5436C /* Main.cpp */ = {isa = PBXFileReference; fileEncoding = 4; lastKnownFileType = sourcecode.cpp.cpp; name = Main.cpp; path = ../../Base/Main.cpp; sourceTree = "<group>"; };
		13A0FF50088EDFC100E5436C /* Main.h */ = {isa = PBXFileReference; fileEncoding = 4; lastKnownFileType = sourcecode.c.h; name = Main.h; path = ../../Base/Main.h; sourceTree = "<group>"; };
		13A0FF51088EDFC100E5436C /* Memory.cpp */ = {isa = PBXFileReference; fileEncoding = 4; lastKnownFileType = sourcecode.cpp.cpp; name = Memory.cpp; path = ../../Base/Memory.cpp; sourceTree = "<group>"; };
		13A0FF52088EDFC100E5436C /* Memory.h */ = {isa = PBXFileReference; fileEncoding = 4; lastKnownFileType = sourcecode.c.h; name = Memory.h; path = ../../Base/Memory.h; sourceTree = "<group>"; };
		13A0FF53088EDFC100E5436C /* Mouse.cpp */ = {isa = PBXFileReference; fileEncoding = 4; lastKnownFileType = sourcecode.cpp.cpp; name = Mouse.cpp; path = ../../Base/Mouse.cpp; sourceTree = "<group>"; };
		13A0FF54088EDFC100E5436C /* Mouse.h */ = {isa = PBXFileReference; fileEncoding = 4; lastKnownFileType = sourcecode.c.h; name = Mouse.h; path = ../../Base/Mouse.h; sourceTree = "<group>"; };
		13A0FF55088EDFC100E5436C /* Options.cpp */ = {isa = PBXFileReference; fileEncoding = 4; lastKnownFileType = sourcecode.cpp.cpp; name = Options.cpp; path = ../../Base/Options.cpp; sourceTree = "<group>"; };
		13A0FF56088EDFC100E5436C /* Options.h */ = {isa = PBXFileReference; fileEncoding = 4; lastKnownFileType = sourcecode.c.h; name = Options.h; path = ../../Base/Options.h; sourceTree = "<group>"; };
		13A0FF57088EDFC100E5436C /* Parallel.cpp */ = {isa = PBXFileReference; fileEncoding = 4; lastKnownFileType = sourcecode.cpp.cpp; name = Parallel.cpp; path = ../../Base/Parallel.cpp; sourceTree = "<group>"; };
		13A0FF58088EDFC100E5436C /* Parallel.h */ = {isa = PBXFileReference; fileEncoding = 4; lastKnownFileType = sourcecode.c.h; name = Parallel.h; path = ../../Base/Parallel.h; sourceTree = "<group>"; };
		13A0FF59088EDFC100E5436C /* PNG.cpp */ = {isa = PBXFileReference; fileEncoding = 4; lastKnownFileType = sourcecode.cpp.cpp; name = PNG.cpp; path = ../../Base/PNG.cpp; sourceTree = "<group>"; };
		13A0FF5A088EDFC100E5436C /* PNG.h */ = {isa = PBXFileReference; fileEncoding = 4; lastKnownFileType = sourcecode.c.h; name = PNG.h; path = ../../Base/PNG.h; sourceTree = "<group>"; };
		13A0FF5D088EDFC100E5436C /* SAM.h */ = {isa = PBXFileReference; fileEncoding = 4; lastKnownFileType = sourcecode.c.h; name = SAM.h; path = ../../Base/SAM.h; sourceTree = "<group>"; };
		13A0FF5E088EDFC100E5436C /* SAMDOS.h */ = {isa = PBXFileReference; fileEncoding = 4; lastKnownFileType = sourcecode.c.h; name = SAMDOS.h; path = ../../Base/SAMDOS.h; sourceTree = "<group>"; };
		13A0FF5F088EDFC100E5436C /* SAMROM.h */ = {isa = PBXFileReference; fileEncoding = 4; lastKnownFileType = sourcecode.c.h; name = SAMROM.h; path = ../../Base/SAMROM.h; sourceTree = "<group>"; };
		13A0FF60088EDFC100E5436C /* SDIDE.cpp */ = {isa = PBXFileReference; fileEncoding = 4; lastKnownFileType = sourcecode.cpp.cpp; name = SDIDE.cpp; path = ../../Base/SDIDE.cpp; sourceTree = "<group>"; };
		13A0FF61088EDFC100E5436C /* SDIDE.h */ = {isa = PBXFileReference; fileEncoding = 4; lastKnownFileType = sourcecode.c.h; name = SDIDE.h; path = ../../Base/SDIDE.h; sourceTree = "<group>"; };
		13A0FF62088EDFC100E5436C /* SimCoupe.h */ = {isa = PBXFileReference; fileEncoding = 4; lastKnownFileType = sourcecode.c.h; name = SimCoupe.h; path = ../../Base/SimCoupe.h; sourceTree = "<group>"; };
		13A0FF63088EDFC100E5436C /* Util.cpp */ = {isa = PBXFileReference; fileEncoding = 4; lastKnownFileType = sourcecode.cpp.cpp; name = Util.cpp; path = ../../Base/Util.cpp; sourceTree = "<group>"; };
		13A0FF64088EDFC100E5436C /* Util.h */ = {isa = PBXFileReference; fileEncoding = 4; lastKnownFileType = sourcecode.c.h; name = Util.h; path = ../../Base/Util.h; sourceTree = "<group>"; };
		13A0FF65088EDFC100E5436C /* VL1772.h */ = {isa = PBXFileReference; fileEncoding = 4; lastKnownFileType = sourcecode.c.h; name = VL1772.h; path = ../../Base/VL1772.h; sourceTree = "<group>"; };
		13A0FF66088EDFC100E5436C /* YATBus.cpp */ = {isa = PBXFileReference; fileEncoding = 4; lastKnownFileType = sourcecode.cpp.cpp; name = YATBus.cpp; path = ../../Base/YATBus.cpp; sourceTree = "<group>"; };
		13A0FF67088EDFC100E5436C /* YATBus.h */ = {isa = PBXFileReference; fileEncoding = 4; lastKnownFileType = sourcecode.c.h; name = YATBus.h; path = ../../Base/YATBus.h; sourceTree = "<group>"; };
		13A0FF68088EDFC100E5436C /* Z80ops.h */ = {isa = PBXFileReference; fileEncoding = 4; lastKnownFileType = sourcecode.c.h; name = Z80ops.h; path = ../../Base/Z80ops.h; sourceTree = "<group>"; };
		13A0FFB2088EDFFF00E5436C /* ioapi.c */ = {isa = PBXFileReference; fileEncoding = 4; lastKnownFileType = sourcecode.c.c; name = ioapi.c; path = ../../Base/ioapi.c; sourceTree = "<group>"; };
		13A0FFB3088EDFFF00E5436C /* ioapi.h */ = {isa = PBXFileReference; fileEncoding = 4; lastKnownFileType = sourcecode.c.h; name = ioapi.h; path = ../../Base/ioapi.h; sourceTree = "<group>"; };
		13A0FFB6088EDFFF00E5436C /* unzip.c */ = {isa = PBXFileReference; fileEncoding = 4; lastKnownFileType = sourcecode.c.c; name = unzip.c; path = ../../Base/unzip.c; sourceTree = "<group>"; };
		13A0FFB7088EDFFF00E5436C /* unzip.h */ = {isa = PBXFileReference; fileEncoding = 4; lastKnownFileType = sourcecode.c.h; name = unzip.h; path = ../../Base/unzip.h; sourceTree = "<group>"; };
		13A0FFEA088EE18600E5436C /* SDLMain.nib */ = {isa = PBXFileReference; lastKnownFileType = wrapper.nib; path = SDLMain.nib; sourceTree = "<group>"; };
		13A0FFEF088EE20300E5436C /* SimCoupe.icns */ = {isa = PBXFileReference; lastKnownFileType = image.icns; path = SimCoupe.icns; sourceTree = "<group>"; };
		13A0FFF4088EE31A00E5436C /* libz.dylib */ = {isa = PBXFileReference; lastKnownFileType = "compiled.mach-o.dylib"; name = libz.dylib; path = /usr/lib/libz.dylib; sourceTree = "<absolute>"; };
		13E5AE69088FBB1F00EACEBE /* SDL.framework */ = {isa = PBXFileReference; lastKnownFileType = wrapper.framework; name = SDL.framework; path = /Library/Frameworks/SDL.framework; sourceTree = "<absolute>"; };
		13EC1B2614E95BD800FA9EDB /* Joystick.cpp */ = {isa = PBXFileReference; fileEncoding = 4; lastKnownFileType = sourcecode.cpp.cpp; name = Joystick.cpp; path = ../../Base/Joystick.cpp; sourceTree = "<group>"; };
		13EC1B2714E95BD800FA9EDB /* Joystick.h */ = {isa = PBXFileReference; fileEncoding = 4; lastKnownFileType = sourcecode.c.h; name = Joystick.h; path = ../../Base/Joystick.h; sourceTree = "<group>"; };
		13EC1B2814E95BD800FA9EDB /* Keyboard.cpp */ = {isa = PBXFileReference; fileEncoding = 4; lastKnownFileType = sourcecode.cpp.cpp; name = Keyboard.cpp; path = ../../Base/Keyboard.cpp; sourceTree = "<group>"; };
		13EC1B2914E95BD800FA9EDB /* Keyboard.h */ = {isa = PBXFileReference; fileEncoding = 4; lastKnownFileType = sourcecode.c.h; name = Keyboard.h; path = ../../Base/Keyboard.h; sourceTree = "<group>"; };
		13EC1B2A14E95BD800FA9EDB /* SAA1099.cpp */ = {isa = PBXFileReference; fileEncoding = 4; lastKnownFileType = sourcecode.cpp.cpp; name = SAA1099.cpp; path = ../../Base/SAA1099.cpp; sourceTree = "<group>"; };
		13EC1B2B14E95BD800FA9EDB /* SAA1099.h */ = {isa = PBXFileReference; fileEncoding = 4; lastKnownFileType = sourcecode.c.h; name = SAA1099.h; path = ../../Base/SAA1099.h; sourceTree = "<group>"; };
		13EC1B2C14E95BD800FA9EDB /* SID.cpp */ = {isa = PBXFileReference; fileEncoding = 4; lastKnownFileType = sourcecode.cpp.cpp; name = SID.cpp; path = ../../Base/SID.cpp; sourceTree = "<group>"; };
		13EC1B2D14E95BD800FA9EDB /* SID.h */ = {isa = PBXFileReference; fileEncoding = 4; lastKnownFileType = sourcecode.c.h; name = SID.h; path = ../../Base/SID.h; sourceTree = "<group>"; };
		13EC1B2E14E95BD800FA9EDB /* Sound.cpp */ = {isa = PBXFileReference; fileEncoding = 4; lastKnownFileType = sourcecode.cpp.cpp; name = Sound.cpp; path = ../../Base/Sound.cpp; sourceTree = "<group>"; };
		13EC1B2F14E95BD800FA9EDB /* Sound.h */ = {isa = PBXFileReference; fileEncoding = 4; lastKnownFileType = sourcecode.c.h; name = Sound.h; path = ../../Base/Sound.h; sourceTree = "<group>"; };
		13EC1B3A14E95BF600FA9EDB /* Audio.cpp */ = {isa = PBXFileReference; fileEncoding = 4; lastKnownFileType = sourcecode.cpp.cpp; name = Audio.cpp; path = ../Audio.cpp; sourceTree = "<group>"; };
		13EC1B3B14E95BF600FA9EDB /* Audio.h */ = {isa = PBXFileReference; fileEncoding = 4; lastKnownFileType = sourcecode.c.h; name = Audio.h; path = ../Audio.h; sourceTree = "<group>"; };
		13EC1B3E14E95C2400FA9EDB /* BlipBuffer.cpp */ = {isa = PBXFileReference; fileEncoding = 4; lastKnownFileType = sourcecode.cpp.cpp; name = BlipBuffer.cpp; path = ../../Base/BlipBuffer.cpp; sourceTree = "<group>"; };
		13EC1B3F14E95C2400FA9EDB /* BlipBuffer.h */ = {isa = PBXFileReference; fileEncoding = 4; lastKnownFileType = sourcecode.c.h; name = BlipBuffer.h; path = ../../Base/BlipBuffer.h; sourceTree = "<group>"; };
		13EC1B4014E95C2400FA9EDB /* BlueAlpha.cpp */ = {isa = PBXFileReference; fileEncoding = 4; lastKnownFileType = sourcecode.cpp.cpp; name = BlueAlpha.cpp; path = ../../Base/BlueAlpha.cpp; sourceTree = "<group>"; };
		13EC1B4114E95C2400FA9EDB /* BlueAlpha.h */ = {isa = PBXFileReference; fileEncoding = 4; lastKnownFileType = sourcecode.c.h; name = BlueAlpha.h; path = ../../Base/BlueAlpha.h; sourceTree = "<group>"; };
		13F693ED0A6D7FA000962105 /* Volume.icns */ = {isa = PBXFileReference; lastKnownFileType = image.icns; path = Volume.icns; sourceTree = "<group>"; };
		13F694840A70303400962105 /* SimCoupe.rtf */ = {isa = PBXFileReference; lastKnownFileType = text.rtf; name = SimCoupe.rtf; path = ../../SimCoupe.rtf; sourceTree = "<group>"; };
		29B97324FDCFA39411CA2CEA /* AppKit.framework */ = {isa = PBXFileReference; lastKnownFileType = wrapper.framework; name = AppKit.framework; path = /System/Library/Frameworks/AppKit.framework; sourceTree = "<absolute>"; };
		29B97325FDCFA39411CA2CEA /* Foundation.framework */ = {isa = PBXFileReference; lastKnownFileType = wrapper.framework; name = Foundation.framework; path = /System/Library/Frameworks/Foundation.framework; sourceTree = "<absolute>"; };
		B2F67ED704C74A3F00A80002 /* OpenGL.framework */ = {isa = PBXFileReference; lastKnownFileType = wrapper.framework; name = OpenGL.framework; path = /System/Library/Frameworks/OpenGL.framework; sourceTree = "<absolute>"; };
		F5A47A9D01A0482F01D3D55B /* SDLMain.h */ = {isa = PBXFileReference; fileEncoding = 30; lastKnownFileType = sourcecode.c.h; path = SDLMain.h; sourceTree = "<group>"; };
		F5A47A9E01A0483001D3D55B /* SDLMain.m */ = {isa = PBXFileReference; fileEncoding = 30; lastKnownFileType = sourcecode.c.objc; path = SDLMain.m; sourceTree = "<group>"; };
/* End PBXFileReference section */

/* Begin PBXFrameworksBuildPhase section */
		132CC58E09B11512007955DE /* Frameworks */ = {
			isa = PBXFrameworksBuildPhase;
			buildActionMask = 2147483647;
			files = (
				132CC59209B11512007955DE /* SDL.framework in Frameworks */,
				132CC59009B11512007955DE /* OpenGL.framework in Frameworks */,
				132CC58F09B11512007955DE /* Cocoa.framework in Frameworks */,
				132CC59109B11512007955DE /* libz.dylib in Frameworks */,
				133C17DD14E9D59B001F12B2 /* reSID.framework in Frameworks */,
			);
			runOnlyForDeploymentPostprocessing = 0;
		};
/* End PBXFrameworksBuildPhase section */

/* Begin PBXGroup section */
		080E96DDFE201D6D7F000001 /* Classes */ = {
			isa = PBXGroup;
			children = (
				F5A47A9D01A0482F01D3D55B /* SDLMain.h */,
				F5A47A9E01A0483001D3D55B /* SDLMain.m */,
				1374D22C09747359001B908F /* Options.h */,
				1374D22D09747359001B908F /* Options.m */,
			);
			name = Classes;
			sourceTree = "<group>";
		};
		1058C7A0FEA54F0111CA2CBB /* Linked Frameworks */ = {
			isa = PBXGroup;
			children = (
				133C17DC14E9D59B001F12B2 /* reSID.framework */,
				13E5AE69088FBB1F00EACEBE /* SDL.framework */,
				13A0FFF4088EE31A00E5436C /* libz.dylib */,
				1058C7A1FEA54F0111CA2CBB /* Cocoa.framework */,
				B2F67ED704C74A3F00A80002 /* OpenGL.framework */,
			);
			name = "Linked Frameworks";
			sourceTree = "<group>";
		};
		1058C7A2FEA54F0111CA2CBB /* Other Frameworks */ = {
			isa = PBXGroup;
			children = (
				29B97325FDCFA39411CA2CEA /* Foundation.framework */,
				29B97324FDCFA39411CA2CEA /* AppKit.framework */,
			);
			name = "Other Frameworks";
			sourceTree = "<group>";
		};
		1314532108A2C3DC008C1AB7 /* ReadMe Files */ = {
			isa = PBXGroup;
			children = (
				13F694840A70303400962105 /* SimCoupe.rtf */,
				1314531C08A2C39F008C1AB7 /* ChangeLog.txt */,
			);
			name = "ReadMe Files";
			sourceTree = "<group>";
		};
		13A0FE6F088EDF5700E5436C /* SDL */ = {
			isa = PBXGroup;
			children = (
				13EC1B4B14E96F5D00FA9EDB /* Headers */,
				13EC1B3A14E95BF600FA9EDB /* Audio.cpp */,
				13A0FE78088EDF7B00E5436C /* Display.cpp */,
				13A0FE7A088EDF7B00E5436C /* Floppy.cpp */,
				13A0FE7C088EDF7B00E5436C /* IDEDisk.cpp */,
				13A0FE7E088EDF7B00E5436C /* Input.cpp */,
				13A0FE81088EDF7B00E5436C /* MIDI.cpp */,
				13A0FE83088EDF7B00E5436C /* OSD.cpp */,
				13A0FEFE088EDF7C00E5436C /* UI.cpp */,
				13A0FF00088EDF7C00E5436C /* Video.cpp */,
			);
			name = SDL;
			sourceTree = "<group>";
		};
		13A0FF20088EDFA600E5436C /* Base */ = {
			isa = PBXGroup;
			children = (
				13B8909614E9704B00164818 /* Headers */,
				13A0FF21088EDFC000E5436C /* Action.cpp */,
				13A0FF23088EDFC000E5436C /* ATA.cpp */,
				13A0FF25088EDFC000E5436C /* Atom.cpp */,
				137B74B615116725004D0661 /* AtomLite.cpp */,
				1386FCFB14FD163600F4032B /* AVI.cpp */,
				13EC1B3E14E95C2400FA9EDB /* BlipBuffer.cpp */,
				13EC1B4014E95C2400FA9EDB /* BlueAlpha.cpp */,
				13A0FF28088EDFC000E5436C /* Disk.cpp */,
				13A0FF2A088EDFC000E5436C /* Drive.cpp */,
				13A0FF2C088EDFC100E5436C /* Clock.cpp */,
				13A0FF2E088EDFC100E5436C /* CPU.cpp */,
				13A0FF30088EDFC100E5436C /* Screen.cpp */,
				13A0FF32088EDFC100E5436C /* Stream.cpp */,
				13A0FF39088EDFC100E5436C /* Debug.cpp */,
				13A0FF3B088EDFC100E5436C /* Disassem.cpp */,
				13A0FF3E088EDFC100E5436C /* Expr.cpp */,
				13A0FF40088EDFC100E5436C /* Font.cpp */,
				13A0FF42088EDFC100E5436C /* Frame.cpp */,
				1386FCFD14FD163600F4032B /* GIF.cpp */,
				13A0FF44088EDFC100E5436C /* GUI.cpp */,
				13A0FF46088EDFC100E5436C /* GUIDlg.cpp */,
				13A0FF48088EDFC100E5436C /* GUIIcons.cpp */,
				13A0FF4A088EDFC100E5436C /* HardDisk.cpp */,
				13A0FF4D088EDFC100E5436C /* IO.cpp */,
				13EC1B2614E95BD800FA9EDB /* Joystick.cpp */,
				13EC1B2814E95BD800FA9EDB /* Keyboard.cpp */,
				13A0FF4F088EDFC100E5436C /* Main.cpp */,
				13A0FF51088EDFC100E5436C /* Memory.cpp */,
				13A0FF53088EDFC100E5436C /* Mouse.cpp */,
				13A0FF55088EDFC100E5436C /* Options.cpp */,
				13A0FF57088EDFC100E5436C /* Parallel.cpp */,
				1386FCFF14FD163600F4032B /* Paula.cpp */,
				13A0FF59088EDFC100E5436C /* PNG.cpp */,
				13EC1B2A14E95BD800FA9EDB /* SAA1099.cpp */,
				1386FD0114FD163600F4032B /* SAMVox.cpp */,
				13A0FF60088EDFC100E5436C /* SDIDE.cpp */,
				13EC1B2C14E95BD800FA9EDB /* SID.cpp */,
				13EC1B2E14E95BD800FA9EDB /* Sound.cpp */,
				13A0FF63088EDFC100E5436C /* Util.cpp */,
				1386FD0314FD163600F4032B /* WAV.cpp */,
				13A0FF66088EDFC100E5436C /* YATBus.cpp */,
				13A0FFB2088EDFFF00E5436C /* ioapi.c */,
				13A0FFB6088EDFFF00E5436C /* unzip.c */,
			);
			name = Base;
			sourceTree = "<group>";
		};
		13B8909614E9704B00164818 /* Headers */ = {
			isa = PBXGroup;
			children = (
				13A0FF22088EDFC000E5436C /* Action.h */,
				13A0FF24088EDFC000E5436C /* ATA.h */,
				13A0FF26088EDFC000E5436C /* Atom.h */,
				137B74B715116725004D0661 /* AtomLite.h */,
				1386FCFC14FD163600F4032B /* AVI.h */,
				13EC1B3F14E95C2400FA9EDB /* BlipBuffer.h */,
				13EC1B4114E95C2400FA9EDB /* BlueAlpha.h */,
				13A0FF27088EDFC000E5436C /* CBops.h */,
				13A0FF29088EDFC000E5436C /* Disk.h */,
				13A0FF2B088EDFC000E5436C /* Drive.h */,
				13A0FF2D088EDFC100E5436C /* Clock.h */,
				13A0FF2F088EDFC100E5436C /* CPU.h */,
				13A0FF31088EDFC100E5436C /* Screen.h */,
				13A0FF33088EDFC100E5436C /* Stream.h */,
				13A0FF3A088EDFC100E5436C /* Debug.h */,
				13A0FF3C088EDFC100E5436C /* Disassem.h */,
				13A0FF3D088EDFC100E5436C /* EDops.h */,
				13A0FF3F088EDFC100E5436C /* Expr.h */,
				13A0FF41088EDFC100E5436C /* Font.h */,
				13A0FF43088EDFC100E5436C /* Frame.h */,
				1386FCFE14FD163600F4032B /* GIF.h */,
				13A0FF45088EDFC100E5436C /* GUI.h */,
				13A0FF47088EDFC100E5436C /* GUIDlg.h */,
				13A0FF49088EDFC100E5436C /* GUIIcons.h */,
				13A0FF4B088EDFC100E5436C /* HardDisk.h */,
				13A0FF4C088EDFC100E5436C /* HDBOOT.h */,
				13A0FF4E088EDFC100E5436C /* IO.h */,
				13EC1B2714E95BD800FA9EDB /* Joystick.h */,
				13EC1B2914E95BD800FA9EDB /* Keyboard.h */,
				13A0FF50088EDFC100E5436C /* Main.h */,
				13A0FF52088EDFC100E5436C /* Memory.h */,
				13A0FF54088EDFC100E5436C /* Mouse.h */,
				13A0FF56088EDFC100E5436C /* Options.h */,
				13A0FF58088EDFC100E5436C /* Parallel.h */,
				1386FD0014FD163600F4032B /* Paula.h */,
				13A0FF5A088EDFC100E5436C /* PNG.h */,
				13EC1B2B14E95BD800FA9EDB /* SAA1099.h */,
				13A0FF5D088EDFC100E5436C /* SAM.h */,
				13A0FF5E088EDFC100E5436C /* SAMDOS.h */,
				13A0FF5F088EDFC100E5436C /* SAMROM.h */,
				1386FD0214FD163600F4032B /* SAMVox.h */,
				13A0FF61088EDFC100E5436C /* SDIDE.h */,
				13EC1B2D14E95BD800FA9EDB /* SID.h */,
				13A0FF62088EDFC100E5436C /* SimCoupe.h */,
				13EC1B2F14E95BD800FA9EDB /* Sound.h */,
				13A0FF64088EDFC100E5436C /* Util.h */,
				13A0FF65088EDFC100E5436C /* VL1772.h */,
				1386FD0414FD163600F4032B /* WAV.h */,
				13A0FF67088EDFC100E5436C /* YATBus.h */,
				13A0FF68088EDFC100E5436C /* Z80ops.h */,
				13A0FFB3088EDFFF00E5436C /* ioapi.h */,
				13A0FFB7088EDFFF00E5436C /* unzip.h */,
			);
			name = Headers;
			sourceTree = "<group>";
		};
		13EC1B4B14E96F5D00FA9EDB /* Headers */ = {
			isa = PBXGroup;
			children = (
				13EC1B3B14E95BF600FA9EDB /* Audio.h */,
				13A0FE79088EDF7B00E5436C /* Display.h */,
				13A0FE7B088EDF7B00E5436C /* Floppy.h */,
				13A0FE7D088EDF7B00E5436C /* IDEDisk.h */,
				13A0FE7F088EDF7B00E5436C /* Input.h */,
				13A0FE82088EDF7B00E5436C /* MIDI.h */,
				13A0FE84088EDF7B00E5436C /* OSD.h */,
				13A0FEFF088EDF7C00E5436C /* UI.h */,
				13A0FF01088EDF7C00E5436C /* Video.h */,
			);
			name = Headers;
			sourceTree = "<group>";
		};
		13F693EF0A6D7FAD00962105 /* Icons */ = {
			isa = PBXGroup;
			children = (
				13F693ED0A6D7FA000962105 /* Volume.icns */,
				13A0FFEF088EE20300E5436C /* SimCoupe.icns */,
				1358F5C30A6C12AE00D20135 /* file_blank.icns */,
				1358F5C40A6C12AE00D20135 /* file_dsk.icns */,
				1358F5C50A6C12AE00D20135 /* file_mgt.icns */,
				1358F5C60A6C12AE00D20135 /* file_sad.icns */,
				1358F5C70A6C12AE00D20135 /* file_sbt.icns */,
			);
			name = Icons;
			sourceTree = "<group>";
		};
		19C28FACFE9D520D11CA2CBB /* Products */ = {
			isa = PBXGroup;
			children = (
				132CC59909B11512007955DE /* SimCoupe.app */,
			);
			name = Products;
			sourceTree = "<group>";
		};
		29B97314FDCFA39411CA2CEA /* SimCoupe */ = {
			isa = PBXGroup;
			children = (
				13A0FF20088EDFA600E5436C /* Base */,
				13A0FE6F088EDF5700E5436C /* SDL */,
				080E96DDFE201D6D7F000001 /* Classes */,
				29B97317FDCFA39411CA2CEA /* Resources */,
				1314532108A2C3DC008C1AB7 /* ReadMe Files */,
				29B97323FDCFA39411CA2CEA /* Frameworks */,
				19C28FACFE9D520D11CA2CBB /* Products */,
			);
			name = SimCoupe;
			sourceTree = "<group>";
		};
		29B97317FDCFA39411CA2CEA /* Resources */ = {
			isa = PBXGroup;
			children = (
				13F693EF0A6D7FAD00962105 /* Icons */,
				132CC59809B11512007955DE /* Info-SimCoupe.plist */,
				13486F5C0891A08300DB38E0 /* Credits.html */,
				13A0FFEA088EE18600E5436C /* SDLMain.nib */,
				089C165CFE840E0CC02AAC07 /* InfoPlist.strings */,
				1374D20109746C5E001B908F /* Options.nib */,
			);
			name = Resources;
			sourceTree = "<group>";
		};
		29B97323FDCFA39411CA2CEA /* Frameworks */ = {
			isa = PBXGroup;
			children = (
				1058C7A0FEA54F0111CA2CBB /* Linked Frameworks */,
				1058C7A2FEA54F0111CA2CBB /* Other Frameworks */,
			);
			name = Frameworks;
			sourceTree = "<group>";
		};
/* End PBXGroup section */

/* Begin PBXHeadersBuildPhase section */
		132CC52409B11512007955DE /* Headers */ = {
			isa = PBXHeadersBuildPhase;
			buildActionMask = 2147483647;
			files = (
				132CC52509B11512007955DE /* SDLMain.h in Headers */,
				132CC52609B11512007955DE /* Display.h in Headers */,
				132CC52709B11512007955DE /* Floppy.h in Headers */,
				132CC52809B11512007955DE /* IDEDisk.h in Headers */,
				132CC52909B11512007955DE /* Input.h in Headers */,
				132CC52A09B11512007955DE /* MIDI.h in Headers */,
				132CC52B09B11512007955DE /* OSD.h in Headers */,
				132CC52D09B11512007955DE /* UI.h in Headers */,
				132CC52E09B11512007955DE /* Video.h in Headers */,
				132CC52F09B11512007955DE /* Action.h in Headers */,
				132CC53009B11512007955DE /* ATA.h in Headers */,
				132CC53109B11512007955DE /* Atom.h in Headers */,
				132CC53209B11512007955DE /* CBops.h in Headers */,
				132CC53309B11512007955DE /* Disk.h in Headers */,
				132CC53409B11512007955DE /* Drive.h in Headers */,
				132CC53509B11512007955DE /* Clock.h in Headers */,
				132CC53609B11512007955DE /* CPU.h in Headers */,
				132CC53709B11512007955DE /* Screen.h in Headers */,
				132CC53809B11512007955DE /* Stream.h in Headers */,
				132CC53909B11512007955DE /* Debug.h in Headers */,
				132CC53A09B11512007955DE /* Disassem.h in Headers */,
				132CC53B09B11512007955DE /* EDops.h in Headers */,
				132CC53C09B11512007955DE /* Expr.h in Headers */,
				132CC53D09B11512007955DE /* Font.h in Headers */,
				132CC53E09B11512007955DE /* Frame.h in Headers */,
				132CC53F09B11512007955DE /* GUI.h in Headers */,
				132CC54009B11512007955DE /* GUIDlg.h in Headers */,
				132CC54109B11512007955DE /* GUIIcons.h in Headers */,
				132CC54209B11512007955DE /* HardDisk.h in Headers */,
				132CC54309B11512007955DE /* HDBOOT.h in Headers */,
				132CC54409B11512007955DE /* IO.h in Headers */,
				132CC54509B11512007955DE /* Main.h in Headers */,
				132CC54609B11512007955DE /* Memory.h in Headers */,
				132CC54709B11512007955DE /* Mouse.h in Headers */,
				132CC54809B11512007955DE /* Options.h in Headers */,
				132CC54909B11512007955DE /* Parallel.h in Headers */,
				132CC54A09B11512007955DE /* PNG.h in Headers */,
				132CC54C09B11512007955DE /* SAM.h in Headers */,
				132CC54D09B11512007955DE /* SAMDOS.h in Headers */,
				132CC54E09B11512007955DE /* SAMROM.h in Headers */,
				132CC54F09B11512007955DE /* SDIDE.h in Headers */,
				132CC55009B11512007955DE /* SimCoupe.h in Headers */,
				132CC55109B11512007955DE /* Util.h in Headers */,
				132CC55209B11512007955DE /* VL1772.h in Headers */,
				132CC55309B11512007955DE /* YATBus.h in Headers */,
				132CC55409B11512007955DE /* Z80ops.h in Headers */,
				132CC55509B11512007955DE /* ioapi.h in Headers */,
				132CC55709B11512007955DE /* unzip.h in Headers */,
				132CC55809B11512007955DE /* Options.h in Headers */,
				13EC1B3114E95BD800FA9EDB /* Joystick.h in Headers */,
				13EC1B3314E95BD800FA9EDB /* Keyboard.h in Headers */,
				13EC1B3514E95BD800FA9EDB /* SAA1099.h in Headers */,
				13EC1B3714E95BD800FA9EDB /* SID.h in Headers */,
				13EC1B3914E95BD800FA9EDB /* Sound.h in Headers */,
				13EC1B3D14E95BF600FA9EDB /* Audio.h in Headers */,
				13EC1B4314E95C2400FA9EDB /* BlipBuffer.h in Headers */,
				13EC1B4514E95C2400FA9EDB /* BlueAlpha.h in Headers */,
				1386FD0614FD163600F4032B /* AVI.h in Headers */,
				1386FD0814FD163600F4032B /* GIF.h in Headers */,
				1386FD0A14FD163600F4032B /* Paula.h in Headers */,
				1386FD0C14FD163600F4032B /* SAMVox.h in Headers */,
				1386FD0E14FD163600F4032B /* WAV.h in Headers */,
				137B74B915116725004D0661 /* AtomLite.h in Headers */,
			);
			runOnlyForDeploymentPostprocessing = 0;
		};
/* End PBXHeadersBuildPhase section */

/* Begin PBXNativeTarget section */
		132CC52009B11512007955DE /* SimCoupe */ = {
			isa = PBXNativeTarget;
			buildConfigurationList = 132CC59409B11512007955DE /* Build configuration list for PBXNativeTarget "SimCoupe" */;
			buildPhases = (
				132CC52109B11512007955DE /* CopyFiles */,
				132CC52409B11512007955DE /* Headers */,
				132CC55909B11512007955DE /* Resources */,
				132CC56209B11512007955DE /* Sources */,
				132CC58E09B11512007955DE /* Frameworks */,
			);
			buildRules = (
			);
			comments = "A SAM Coupé Emulator";
			dependencies = (
			);
			name = SimCoupe;
			productInstallPath = "$(HOME)/Applications";
			productName = SimCoupe;
			productReference = 132CC59909B11512007955DE /* SimCoupe.app */;
			productType = "com.apple.product-type.application";
		};
/* End PBXNativeTarget section */

/* Begin PBXProject section */
		29B97313FDCFA39411CA2CEA /* Project object */ = {
			isa = PBXProject;
			attributes = {
				LastUpgradeCheck = 0430;
			};
			buildConfigurationList = 1301D3CC096B058800027BFC /* Build configuration list for PBXProject "SimCoupe" */;
			compatibilityVersion = "Xcode 3.2";
			developmentRegion = English;
			hasScannedForEncodings = 1;
			knownRegions = (
				en,
			);
			mainGroup = 29B97314FDCFA39411CA2CEA /* SimCoupe */;
			projectDirPath = "";
			projectRoot = "";
			targets = (
				132CC52009B11512007955DE /* SimCoupe */,
			);
		};
/* End PBXProject section */

/* Begin PBXResourcesBuildPhase section */
		132CC55909B11512007955DE /* Resources */ = {
			isa = PBXResourcesBuildPhase;
			buildActionMask = 2147483647;
			files = (
				132CC55A09B11512007955DE /* InfoPlist.strings in Resources */,
				132CC55B09B11512007955DE /* SDLMain.nib in Resources */,
				132CC55C09B11512007955DE /* SimCoupe.icns in Resources */,
				132CC55E09B11512007955DE /* Credits.html in Resources */,
				132CC56009B11512007955DE /* ChangeLog.txt in Resources */,
				132CC56109B11512007955DE /* Options.nib in Resources */,
				1358F5CA0A6C12AE00D20135 /* file_blank.icns in Resources */,
				1358F5CB0A6C12AE00D20135 /* file_dsk.icns in Resources */,
				1358F5CC0A6C12AE00D20135 /* file_mgt.icns in Resources */,
				1358F5CD0A6C12AE00D20135 /* file_sad.icns in Resources */,
				1358F5CE0A6C12AE00D20135 /* file_sbt.icns in Resources */,
				13F693EE0A6D7FA000962105 /* Volume.icns in Resources */,
				13F694850A70303400962105 /* SimCoupe.rtf in Resources */,
			);
			runOnlyForDeploymentPostprocessing = 0;
		};
/* End PBXResourcesBuildPhase section */

/* Begin PBXSourcesBuildPhase section */
		132CC56209B11512007955DE /* Sources */ = {
			isa = PBXSourcesBuildPhase;
			buildActionMask = 2147483647;
			files = (
				132CC56309B11512007955DE /* SDLMain.m in Sources */,
				132CC56409B11512007955DE /* Display.cpp in Sources */,
				132CC56509B11512007955DE /* Floppy.cpp in Sources */,
				132CC56609B11512007955DE /* IDEDisk.cpp in Sources */,
				132CC56709B11512007955DE /* Input.cpp in Sources */,
				132CC56809B11512007955DE /* MIDI.cpp in Sources */,
				132CC56909B11512007955DE /* OSD.cpp in Sources */,
				132CC56B09B11512007955DE /* UI.cpp in Sources */,
				132CC56C09B11512007955DE /* Video.cpp in Sources */,
				132CC56D09B11512007955DE /* Action.cpp in Sources */,
				132CC56E09B11512007955DE /* ATA.cpp in Sources */,
				132CC56F09B11512007955DE /* Atom.cpp in Sources */,
				132CC57009B11512007955DE /* Disk.cpp in Sources */,
				132CC57109B11512007955DE /* Drive.cpp in Sources */,
				132CC57209B11512007955DE /* Clock.cpp in Sources */,
				132CC57309B11512007955DE /* CPU.cpp in Sources */,
				132CC57409B11512007955DE /* Screen.cpp in Sources */,
				132CC57509B11512007955DE /* Stream.cpp in Sources */,
				132CC57609B11512007955DE /* Debug.cpp in Sources */,
				132CC57709B11512007955DE /* Disassem.cpp in Sources */,
				132CC57809B11512007955DE /* Expr.cpp in Sources */,
				132CC57909B11512007955DE /* Font.cpp in Sources */,
				132CC57A09B11512007955DE /* Frame.cpp in Sources */,
				132CC57B09B11512007955DE /* GUI.cpp in Sources */,
				132CC57C09B11512007955DE /* GUIDlg.cpp in Sources */,
				132CC57D09B11512007955DE /* GUIIcons.cpp in Sources */,
				132CC57E09B11512007955DE /* HardDisk.cpp in Sources */,
				132CC57F09B11512007955DE /* IO.cpp in Sources */,
				132CC58009B11512007955DE /* Main.cpp in Sources */,
				132CC58109B11512007955DE /* Memory.cpp in Sources */,
				132CC58209B11512007955DE /* Mouse.cpp in Sources */,
				132CC58309B11512007955DE /* Options.cpp in Sources */,
				132CC58409B11512007955DE /* Parallel.cpp in Sources */,
				132CC58509B11512007955DE /* PNG.cpp in Sources */,
				132CC58709B11512007955DE /* SDIDE.cpp in Sources */,
				132CC58809B11512007955DE /* Util.cpp in Sources */,
				132CC58909B11512007955DE /* YATBus.cpp in Sources */,
				132CC58A09B11512007955DE /* ioapi.c in Sources */,
				132CC58C09B11512007955DE /* unzip.c in Sources */,
				132CC58D09B11512007955DE /* Options.m in Sources */,
				13EC1B3014E95BD800FA9EDB /* Joystick.cpp in Sources */,
				13EC1B3214E95BD800FA9EDB /* Keyboard.cpp in Sources */,
				13EC1B3414E95BD800FA9EDB /* SAA1099.cpp in Sources */,
				13EC1B3614E95BD800FA9EDB /* SID.cpp in Sources */,
				13EC1B3814E95BD800FA9EDB /* Sound.cpp in Sources */,
				13EC1B3C14E95BF600FA9EDB /* Audio.cpp in Sources */,
				13EC1B4214E95C2400FA9EDB /* BlipBuffer.cpp in Sources */,
				13EC1B4414E95C2400FA9EDB /* BlueAlpha.cpp in Sources */,
				1386FD0514FD163600F4032B /* AVI.cpp in Sources */,
				1386FD0714FD163600F4032B /* GIF.cpp in Sources */,
				1386FD0914FD163600F4032B /* Paula.cpp in Sources */,
				1386FD0B14FD163600F4032B /* SAMVox.cpp in Sources */,
				1386FD0D14FD163600F4032B /* WAV.cpp in Sources */,
				137B74B815116725004D0661 /* AtomLite.cpp in Sources */,
			);
			runOnlyForDeploymentPostprocessing = 0;
		};
/* End PBXSourcesBuildPhase section */

/* Begin PBXVariantGroup section */
		089C165CFE840E0CC02AAC07 /* InfoPlist.strings */ = {
			isa = PBXVariantGroup;
			children = (
				089C165DFE840E0CC02AAC07 /* English */,
			);
			name = InfoPlist.strings;
			sourceTree = "<group>";
		};
/* End PBXVariantGroup section */

/* Begin XCBuildConfiguration section */
		1301D3CE096B058800027BFC /* Release */ = {
			isa = XCBuildConfiguration;
			buildSettings = {
				ARCHS = "$(ARCHS_STANDARD_32_64_BIT)";
				DEBUG_INFORMATION_FORMAT = "dwarf-with-dsym";
				MACOSX_DEPLOYMENT_TARGET = 10.5;
			};
			name = Release;
		};
		131B716209C22C34000C5D11 /* Debug */ = {
			isa = XCBuildConfiguration;
			buildSettings = {
				GCC_PREPROCESSOR_DEFINITIONS = (
					USE_OPENGL,
					USE_ZLIB,
					USE_RESID,
					_DEBUG,
				);
				HEADER_SEARCH_PATHS = /Library/Frameworks/SDL.framework/Headers;
				INFOPLIST_FILE = "Info-SimCoupe.plist";
				LD_RUNPATH_SEARCH_PATHS = "@executable_path/../Frameworks";
				PRODUCT_NAME = SimCoupe;
			};
			name = Debug;
		};
		131B716309C22C34000C5D11 /* Debug */ = {
			isa = XCBuildConfiguration;
			buildSettings = {
				ARCHS = "$(ARCHS_STANDARD_32_64_BIT)";
				COPY_PHASE_STRIP = NO;
				GCC_OPTIMIZATION_LEVEL = 0;
				MACOSX_DEPLOYMENT_TARGET = 10.5;
				ONLY_ACTIVE_ARCH = YES;
			};
			name = Debug;
		};
		132CC59609B11512007955DE /* Release */ = {
			isa = XCBuildConfiguration;
			buildSettings = {
				GCC_PREPROCESSOR_DEFINITIONS = (
					USE_OPENGL,
					USE_ZLIB,
					USE_RESID,
					NDEBUG,
				);
				HEADER_SEARCH_PATHS = /Library/Frameworks/SDL.framework/Headers;
				INFOPLIST_FILE = "Info-SimCoupe.plist";
				LD_RUNPATH_SEARCH_PATHS = "@executable_path/../Frameworks";
				PRODUCT_NAME = SimCoupe;
			};
			name = Release;
		};
/* End XCBuildConfiguration section */

/* Begin XCConfigurationList section */
		1301D3CC096B058800027BFC /* Build configuration list for PBXProject "SimCoupe" */ = {
			isa = XCConfigurationList;
			buildConfigurations = (
				1301D3CE096B058800027BFC /* Release */,
				131B716309C22C34000C5D11 /* Debug */,
			);
			defaultConfigurationIsVisible = 0;
			defaultConfigurationName = Release;
		};
		132CC59409B11512007955DE /* Build configuration list for PBXNativeTarget "SimCoupe" */ = {
			isa = XCConfigurationList;
			buildConfigurations = (
				132CC59609B11512007955DE /* Release */,
				131B716209C22C34000C5D11 /* Debug */,
			);
			defaultConfigurationIsVisible = 0;
			defaultConfigurationName = Release;
		};
/* End XCConfigurationList section */
	};
	rootObject = 29B97313FDCFA39411CA2CEA /* Project object */;
}
