// !$*UTF8*$!
{
	archiveVersion = 1;
	classes = {
	};
	objectVersion = 42;
	objects = {

/* Begin PBXApplicationTarget section */
		29B97326FDCFA39411CA2CEA /* SimCoupe */ = {
			isa = PBXApplicationTarget;
			buildConfigurationList = 1301D3C8096B058800027BFC /* Build configuration list for PBXApplicationTarget "SimCoupe" */;
			buildPhases = (
				13E5AD96088FB77300EACEBE /* CopyFiles */,
				29B97327FDCFA39411CA2CEA /* Headers */,
				29B97328FDCFA39411CA2CEA /* Resources */,
				29B9732BFDCFA39411CA2CEA /* Sources */,
				29B9732DFDCFA39411CA2CEA /* Frameworks */,
			);
			buildSettings = {
				FRAMEWORK_SEARCH_PATHS = (
					/Library/Frameworks,
					"/Users/si/SAASound-3.2/OSX/build",
				);
				HEADER_SEARCH_PATHS = "\"/Library/Frameworks/SDL.framework/Headers\"";
				INSTALL_PATH = "$(HOME)/Applications";
				LIBRARY_SEARCH_PATHS = "";
				OPTIMIZATION_CFLAGS = "-O0";
				OTHER_CFLAGS = (
					"-DUSE_OPENGL",
					"-DUSE_ZLIB",
					"-DUSE_SAASOUND",
				);
				PRODUCT_NAME = SimCoupe;
				SECTORDER_FLAGS = "";
				WARNING_CFLAGS = (
					"-Wmost",
					"-Wno-four-char-constants",
					"-Wno-unknown-pragmas",
				);
				WRAPPER_EXTENSION = app;
			};
			comments = "A SAM Coupé Emulator";
			dependencies = (
			);
			name = SimCoupe;
			productInstallPath = "$(HOME)/Applications";
			productName = SimCoupe;
			productReference = 17587328FF379C6511CA2CBB /* SimCoupe.app */;
			productSettingsXML = "<?xml version=\"1.0\" encoding=\"UTF-8\"?>
<!DOCTYPE plist PUBLIC \"-//Apple Computer//DTD PLIST 1.0//EN\" \"http://www.apple.com/DTDs/PropertyList-1.0.dtd\">
<plist version=\"1.0\">
<dict>
	<key>CFBundleDevelopmentRegion</key>
	<string>English</string>
	<key>CFBundleDocumentTypes</key>
	<array>
		<dict>
			<key>CFBundleTypeExtensions</key>
			<array>
				<string>sad</string>
				<string>SAD</string>
			</array>
			<key>CFBundleTypeName</key>
			<string>SimCoupe Disk Image</string>
			<key>CFBundleTypeRole</key>
			<string>Viewer</string>
		</dict>
		<dict>
			<key>CFBundleTypeExtensions</key>
			<array>
				<string>dsk</string>
				<string>DSK</string>
			</array>
			<key>CFBundleTypeName</key>
			<string>SimCoupe Disk Image</string>
			<key>CFBundleTypeRole</key>
			<string>Viewer</string>
		</dict>
		<dict>
			<key>CFBundleTypeExtensions</key>
			<array>
				<string>sdf</string>
				<string>SDF</string>
			</array>
			<key>CFBundleTypeName</key>
			<string>SimCoupe Disk Image</string>
			<key>CFBundleTypeRole</key>
			<string>Viewer</string>
		</dict>
		<dict>
			<key>CFBundleTypeExtensions</key>
			<array>
				<string>mgt</string>
				<string>MGT</string>
			</array>
			<key>CFBundleTypeName</key>
			<string>SimCoupe Disk Image</string>
			<key>CFBundleTypeRole</key>
			<string>Viewer</string>
		</dict>
	</array>
	<key>CFBundleExecutable</key>
	<string>SimCoupe</string>
	<key>CFBundleGetInfoString</key>
	<string>0.90 beta x</string>
	<key>CFBundleIconFile</key>
	<string>SimCoupe.icns</string>
	<key>CFBundleIdentifier</key>
	<string>org.simcoupe.simcoupe</string>
	<key>CFBundleInfoDictionaryVersion</key>
	<string>6.0</string>
	<key>CFBundleName</key>
	<string>SimCoupe</string>
	<key>CFBundlePackageType</key>
	<string>APPL</string>
	<key>CFBundleShortVersionString</key>
	<string>0.90</string>
	<key>CFBundleSignature</key>
	<string>SIMC</string>
	<key>CFBundleVersion</key>
	<string>beta</string>
	<key>NSMainNibFile</key>
	<string>SDLMain.nib</string>
	<key>NSPrincipalClass</key>
	<string>SDLApplication</string>
</dict>
</plist>
";
		};
/* End PBXApplicationTarget section */

/* Begin PBXBuildFile section */
		089C165EFE840E0CC02AAC07 /* InfoPlist.strings in Resources */ = {isa = PBXBuildFile; fileRef = 089C165CFE840E0CC02AAC07 /* InfoPlist.strings */; };
		1058C7A3FEA54F0111CA2CBB /* Cocoa.framework in Frameworks */ = {isa = PBXBuildFile; fileRef = 1058C7A1FEA54F0111CA2CBB /* Cocoa.framework */; };
		1314531608A2C2EB008C1AB7 /* ReadMe.txt in Resources */ = {isa = PBXBuildFile; fileRef = 1314531508A2C2EB008C1AB7 /* ReadMe.txt */; };
		1314531B08A2C383008C1AB7 /* ReadMe-SDL.txt in Resources */ = {isa = PBXBuildFile; fileRef = 1314531A08A2C383008C1AB7 /* ReadMe-SDL.txt */; };
		1314531D08A2C39F008C1AB7 /* ChangeLog.txt in Resources */ = {isa = PBXBuildFile; fileRef = 1314531C08A2C39F008C1AB7 /* ChangeLog.txt */; };
		13486F5D0891A08300DB38E0 /* Credits.html in Resources */ = {isa = PBXBuildFile; fileRef = 13486F5C0891A08300DB38E0 /* Credits.html */; };
		134923390890664C001D048F /* SAASound.framework in Frameworks */ = {isa = PBXBuildFile; fileRef = 134923380890664C001D048F /* SAASound.framework */; };
		1349234008906661001D048F /* SAASound.framework in CopyFiles */ = {isa = PBXBuildFile; fileRef = 134923380890664C001D048F /* SAASound.framework */; };
		1374D20209746C5E001B908F /* Options.nib in Resources */ = {isa = PBXBuildFile; fileRef = 1374D20109746C5E001B908F /* Options.nib */; };
		1374D22E09747359001B908F /* Options.h in Headers */ = {isa = PBXBuildFile; fileRef = 1374D22C09747359001B908F /* Options.h */; };
		1374D22F09747359001B908F /* Options.m in Sources */ = {isa = PBXBuildFile; fileRef = 1374D22D09747359001B908F /* Options.m */; };
		13A0FF05088EDF7C00E5436C /* Display.cpp in Sources */ = {isa = PBXBuildFile; fileRef = 13A0FE78088EDF7B00E5436C /* Display.cpp */; };
		13A0FF06088EDF7C00E5436C /* Display.h in Headers */ = {isa = PBXBuildFile; fileRef = 13A0FE79088EDF7B00E5436C /* Display.h */; };
		13A0FF07088EDF7C00E5436C /* Floppy.cpp in Sources */ = {isa = PBXBuildFile; fileRef = 13A0FE7A088EDF7B00E5436C /* Floppy.cpp */; };
		13A0FF08088EDF7C00E5436C /* Floppy.h in Headers */ = {isa = PBXBuildFile; fileRef = 13A0FE7B088EDF7B00E5436C /* Floppy.h */; };
		13A0FF09088EDF7C00E5436C /* IDEDisk.cpp in Sources */ = {isa = PBXBuildFile; fileRef = 13A0FE7C088EDF7B00E5436C /* IDEDisk.cpp */; };
		13A0FF0A088EDF7C00E5436C /* IDEDisk.h in Headers */ = {isa = PBXBuildFile; fileRef = 13A0FE7D088EDF7B00E5436C /* IDEDisk.h */; };
		13A0FF0B088EDF7C00E5436C /* Input.cpp in Sources */ = {isa = PBXBuildFile; fileRef = 13A0FE7E088EDF7B00E5436C /* Input.cpp */; };
		13A0FF0C088EDF7C00E5436C /* Input.h in Headers */ = {isa = PBXBuildFile; fileRef = 13A0FE7F088EDF7B00E5436C /* Input.h */; };
		13A0FF0E088EDF7C00E5436C /* MIDI.cpp in Sources */ = {isa = PBXBuildFile; fileRef = 13A0FE81088EDF7B00E5436C /* MIDI.cpp */; };
		13A0FF0F088EDF7C00E5436C /* MIDI.h in Headers */ = {isa = PBXBuildFile; fileRef = 13A0FE82088EDF7B00E5436C /* MIDI.h */; };
		13A0FF10088EDF7C00E5436C /* OSD.cpp in Sources */ = {isa = PBXBuildFile; fileRef = 13A0FE83088EDF7B00E5436C /* OSD.cpp */; };
		13A0FF11088EDF7C00E5436C /* OSD.h in Headers */ = {isa = PBXBuildFile; fileRef = 13A0FE84088EDF7B00E5436C /* OSD.h */; };
		13A0FF15088EDF7C00E5436C /* Sound.cpp in Sources */ = {isa = PBXBuildFile; fileRef = 13A0FEFC088EDF7C00E5436C /* Sound.cpp */; };
		13A0FF16088EDF7C00E5436C /* Sound.h in Headers */ = {isa = PBXBuildFile; fileRef = 13A0FEFD088EDF7C00E5436C /* Sound.h */; };
		13A0FF17088EDF7C00E5436C /* UI.cpp in Sources */ = {isa = PBXBuildFile; fileRef = 13A0FEFE088EDF7C00E5436C /* UI.cpp */; };
		13A0FF18088EDF7C00E5436C /* UI.h in Headers */ = {isa = PBXBuildFile; fileRef = 13A0FEFF088EDF7C00E5436C /* UI.h */; };
		13A0FF19088EDF7C00E5436C /* Video.cpp in Sources */ = {isa = PBXBuildFile; fileRef = 13A0FF00088EDF7C00E5436C /* Video.cpp */; };
		13A0FF1A088EDF7C00E5436C /* Video.h in Headers */ = {isa = PBXBuildFile; fileRef = 13A0FF01088EDF7C00E5436C /* Video.h */; };
		13A0FF69088EDFC100E5436C /* Action.cpp in Sources */ = {isa = PBXBuildFile; fileRef = 13A0FF21088EDFC000E5436C /* Action.cpp */; };
		13A0FF6A088EDFC100E5436C /* Action.h in Headers */ = {isa = PBXBuildFile; fileRef = 13A0FF22088EDFC000E5436C /* Action.h */; };
		13A0FF6B088EDFC100E5436C /* ATA.cpp in Sources */ = {isa = PBXBuildFile; fileRef = 13A0FF23088EDFC000E5436C /* ATA.cpp */; };
		13A0FF6C088EDFC100E5436C /* ATA.h in Headers */ = {isa = PBXBuildFile; fileRef = 13A0FF24088EDFC000E5436C /* ATA.h */; };
		13A0FF6D088EDFC100E5436C /* Atom.cpp in Sources */ = {isa = PBXBuildFile; fileRef = 13A0FF25088EDFC000E5436C /* Atom.cpp */; };
		13A0FF6E088EDFC100E5436C /* Atom.h in Headers */ = {isa = PBXBuildFile; fileRef = 13A0FF26088EDFC000E5436C /* Atom.h */; };
		13A0FF6F088EDFC100E5436C /* CBops.h in Headers */ = {isa = PBXBuildFile; fileRef = 13A0FF27088EDFC000E5436C /* CBops.h */; };
		13A0FF70088EDFC100E5436C /* CDisk.cpp in Sources */ = {isa = PBXBuildFile; fileRef = 13A0FF28088EDFC000E5436C /* CDisk.cpp */; };
		13A0FF71088EDFC100E5436C /* CDisk.h in Headers */ = {isa = PBXBuildFile; fileRef = 13A0FF29088EDFC000E5436C /* CDisk.h */; };
		13A0FF72088EDFC100E5436C /* CDrive.cpp in Sources */ = {isa = PBXBuildFile; fileRef = 13A0FF2A088EDFC000E5436C /* CDrive.cpp */; };
		13A0FF73088EDFC100E5436C /* CDrive.h in Headers */ = {isa = PBXBuildFile; fileRef = 13A0FF2B088EDFC000E5436C /* CDrive.h */; };
		13A0FF74088EDFC100E5436C /* Clock.cpp in Sources */ = {isa = PBXBuildFile; fileRef = 13A0FF2C088EDFC100E5436C /* Clock.cpp */; };
		13A0FF75088EDFC100E5436C /* Clock.h in Headers */ = {isa = PBXBuildFile; fileRef = 13A0FF2D088EDFC100E5436C /* Clock.h */; };
		13A0FF76088EDFC100E5436C /* CPU.cpp in Sources */ = {isa = PBXBuildFile; fileRef = 13A0FF2E088EDFC100E5436C /* CPU.cpp */; };
		13A0FF77088EDFC100E5436C /* CPU.h in Headers */ = {isa = PBXBuildFile; fileRef = 13A0FF2F088EDFC100E5436C /* CPU.h */; };
		13A0FF78088EDFC100E5436C /* CScreen.cpp in Sources */ = {isa = PBXBuildFile; fileRef = 13A0FF30088EDFC100E5436C /* CScreen.cpp */; };
		13A0FF79088EDFC100E5436C /* CScreen.h in Headers */ = {isa = PBXBuildFile; fileRef = 13A0FF31088EDFC100E5436C /* CScreen.h */; };
		13A0FF7A088EDFC100E5436C /* CStream.cpp in Sources */ = {isa = PBXBuildFile; fileRef = 13A0FF32088EDFC100E5436C /* CStream.cpp */; };
		13A0FF7B088EDFC100E5436C /* CStream.h in Headers */ = {isa = PBXBuildFile; fileRef = 13A0FF33088EDFC100E5436C /* CStream.h */; };
		13A0FF7D088EDFC100E5436C /* Debug.cpp in Sources */ = {isa = PBXBuildFile; fileRef = 13A0FF39088EDFC100E5436C /* Debug.cpp */; };
		13A0FF7E088EDFC100E5436C /* Debug.h in Headers */ = {isa = PBXBuildFile; fileRef = 13A0FF3A088EDFC100E5436C /* Debug.h */; };
		13A0FF7F088EDFC100E5436C /* Disassem.cpp in Sources */ = {isa = PBXBuildFile; fileRef = 13A0FF3B088EDFC100E5436C /* Disassem.cpp */; };
		13A0FF80088EDFC100E5436C /* Disassem.h in Headers */ = {isa = PBXBuildFile; fileRef = 13A0FF3C088EDFC100E5436C /* Disassem.h */; };
		13A0FF81088EDFC100E5436C /* EDops.h in Headers */ = {isa = PBXBuildFile; fileRef = 13A0FF3D088EDFC100E5436C /* EDops.h */; };
		13A0FF82088EDFC100E5436C /* Expr.cpp in Sources */ = {isa = PBXBuildFile; fileRef = 13A0FF3E088EDFC100E5436C /* Expr.cpp */; };
		13A0FF83088EDFC100E5436C /* Expr.h in Headers */ = {isa = PBXBuildFile; fileRef = 13A0FF3F088EDFC100E5436C /* Expr.h */; };
		13A0FF84088EDFC100E5436C /* Font.cpp in Sources */ = {isa = PBXBuildFile; fileRef = 13A0FF40088EDFC100E5436C /* Font.cpp */; };
		13A0FF85088EDFC100E5436C /* Font.h in Headers */ = {isa = PBXBuildFile; fileRef = 13A0FF41088EDFC100E5436C /* Font.h */; };
		13A0FF86088EDFC100E5436C /* Frame.cpp in Sources */ = {isa = PBXBuildFile; fileRef = 13A0FF42088EDFC100E5436C /* Frame.cpp */; };
		13A0FF87088EDFC100E5436C /* Frame.h in Headers */ = {isa = PBXBuildFile; fileRef = 13A0FF43088EDFC100E5436C /* Frame.h */; };
		13A0FF88088EDFC100E5436C /* GUI.cpp in Sources */ = {isa = PBXBuildFile; fileRef = 13A0FF44088EDFC100E5436C /* GUI.cpp */; };
		13A0FF89088EDFC100E5436C /* GUI.h in Headers */ = {isa = PBXBuildFile; fileRef = 13A0FF45088EDFC100E5436C /* GUI.h */; };
		13A0FF8A088EDFC100E5436C /* GUIDlg.cpp in Sources */ = {isa = PBXBuildFile; fileRef = 13A0FF46088EDFC100E5436C /* GUIDlg.cpp */; };
		13A0FF8B088EDFC100E5436C /* GUIDlg.h in Headers */ = {isa = PBXBuildFile; fileRef = 13A0FF47088EDFC100E5436C /* GUIDlg.h */; };
		13A0FF8C088EDFC100E5436C /* GUIIcons.cpp in Sources */ = {isa = PBXBuildFile; fileRef = 13A0FF48088EDFC100E5436C /* GUIIcons.cpp */; };
		13A0FF8D088EDFC100E5436C /* GUIIcons.h in Headers */ = {isa = PBXBuildFile; fileRef = 13A0FF49088EDFC100E5436C /* GUIIcons.h */; };
		13A0FF8E088EDFC100E5436C /* HardDisk.cpp in Sources */ = {isa = PBXBuildFile; fileRef = 13A0FF4A088EDFC100E5436C /* HardDisk.cpp */; };
		13A0FF8F088EDFC100E5436C /* HardDisk.h in Headers */ = {isa = PBXBuildFile; fileRef = 13A0FF4B088EDFC100E5436C /* HardDisk.h */; };
		13A0FF90088EDFC100E5436C /* HDBOOT.h in Headers */ = {isa = PBXBuildFile; fileRef = 13A0FF4C088EDFC100E5436C /* HDBOOT.h */; };
		13A0FF91088EDFC100E5436C /* IO.cpp in Sources */ = {isa = PBXBuildFile; fileRef = 13A0FF4D088EDFC100E5436C /* IO.cpp */; };
		13A0FF92088EDFC100E5436C /* IO.h in Headers */ = {isa = PBXBuildFile; fileRef = 13A0FF4E088EDFC100E5436C /* IO.h */; };
		13A0FF93088EDFC100E5436C /* Main.cpp in Sources */ = {isa = PBXBuildFile; fileRef = 13A0FF4F088EDFC100E5436C /* Main.cpp */; };
		13A0FF94088EDFC100E5436C /* Main.h in Headers */ = {isa = PBXBuildFile; fileRef = 13A0FF50088EDFC100E5436C /* Main.h */; };
		13A0FF95088EDFC100E5436C /* Memory.cpp in Sources */ = {isa = PBXBuildFile; fileRef = 13A0FF51088EDFC100E5436C /* Memory.cpp */; };
		13A0FF96088EDFC100E5436C /* Memory.h in Headers */ = {isa = PBXBuildFile; fileRef = 13A0FF52088EDFC100E5436C /* Memory.h */; };
		13A0FF97088EDFC100E5436C /* Mouse.cpp in Sources */ = {isa = PBXBuildFile; fileRef = 13A0FF53088EDFC100E5436C /* Mouse.cpp */; };
		13A0FF98088EDFC100E5436C /* Mouse.h in Headers */ = {isa = PBXBuildFile; fileRef = 13A0FF54088EDFC100E5436C /* Mouse.h */; };
		13A0FF99088EDFC100E5436C /* Options.cpp in Sources */ = {isa = PBXBuildFile; fileRef = 13A0FF55088EDFC100E5436C /* Options.cpp */; };
		13A0FF9A088EDFC100E5436C /* Options.h in Headers */ = {isa = PBXBuildFile; fileRef = 13A0FF56088EDFC100E5436C /* Options.h */; };
		13A0FF9B088EDFC100E5436C /* Parallel.cpp in Sources */ = {isa = PBXBuildFile; fileRef = 13A0FF57088EDFC100E5436C /* Parallel.cpp */; };
		13A0FF9C088EDFC100E5436C /* Parallel.h in Headers */ = {isa = PBXBuildFile; fileRef = 13A0FF58088EDFC100E5436C /* Parallel.h */; };
		13A0FF9D088EDFC100E5436C /* PNG.cpp in Sources */ = {isa = PBXBuildFile; fileRef = 13A0FF59088EDFC100E5436C /* PNG.cpp */; };
		13A0FF9E088EDFC100E5436C /* PNG.h in Headers */ = {isa = PBXBuildFile; fileRef = 13A0FF5A088EDFC100E5436C /* PNG.h */; };
		13A0FF9F088EDFC100E5436C /* Profile.cpp in Sources */ = {isa = PBXBuildFile; fileRef = 13A0FF5B088EDFC100E5436C /* Profile.cpp */; };
		13A0FFA0088EDFC100E5436C /* Profile.h in Headers */ = {isa = PBXBuildFile; fileRef = 13A0FF5C088EDFC100E5436C /* Profile.h */; };
		13A0FFA1088EDFC100E5436C /* SAM.h in Headers */ = {isa = PBXBuildFile; fileRef = 13A0FF5D088EDFC100E5436C /* SAM.h */; };
		13A0FFA2088EDFC100E5436C /* SAMDOS.h in Headers */ = {isa = PBXBuildFile; fileRef = 13A0FF5E088EDFC100E5436C /* SAMDOS.h */; };
		13A0FFA3088EDFC100E5436C /* SAMROM.h in Headers */ = {isa = PBXBuildFile; fileRef = 13A0FF5F088EDFC100E5436C /* SAMROM.h */; };
		13A0FFA4088EDFC100E5436C /* SDIDE.cpp in Sources */ = {isa = PBXBuildFile; fileRef = 13A0FF60088EDFC100E5436C /* SDIDE.cpp */; };
		13A0FFA5088EDFC100E5436C /* SDIDE.h in Headers */ = {isa = PBXBuildFile; fileRef = 13A0FF61088EDFC100E5436C /* SDIDE.h */; };
		13A0FFA6088EDFC100E5436C /* SimCoupe.h in Headers */ = {isa = PBXBuildFile; fileRef = 13A0FF62088EDFC100E5436C /* SimCoupe.h */; };
		13A0FFA7088EDFC100E5436C /* Util.cpp in Sources */ = {isa = PBXBuildFile; fileRef = 13A0FF63088EDFC100E5436C /* Util.cpp */; };
		13A0FFA8088EDFC100E5436C /* Util.h in Headers */ = {isa = PBXBuildFile; fileRef = 13A0FF64088EDFC100E5436C /* Util.h */; };
		13A0FFA9088EDFC100E5436C /* VL1772.h in Headers */ = {isa = PBXBuildFile; fileRef = 13A0FF65088EDFC100E5436C /* VL1772.h */; };
		13A0FFAA088EDFC100E5436C /* YATBus.cpp in Sources */ = {isa = PBXBuildFile; fileRef = 13A0FF66088EDFC100E5436C /* YATBus.cpp */; };
		13A0FFAB088EDFC100E5436C /* YATBus.h in Headers */ = {isa = PBXBuildFile; fileRef = 13A0FF67088EDFC100E5436C /* YATBus.h */; };
		13A0FFAC088EDFC100E5436C /* Z80ops.h in Headers */ = {isa = PBXBuildFile; fileRef = 13A0FF68088EDFC100E5436C /* Z80ops.h */; };
		13A0FFB8088EDFFF00E5436C /* ioapi.c in Sources */ = {isa = PBXBuildFile; fileRef = 13A0FFB2088EDFFF00E5436C /* ioapi.c */; };
		13A0FFB9088EDFFF00E5436C /* ioapi.h in Headers */ = {isa = PBXBuildFile; fileRef = 13A0FFB3088EDFFF00E5436C /* ioapi.h */; };
		13A0FFBA088EDFFF00E5436C /* SAASound.cpp in Sources */ = {isa = PBXBuildFile; fileRef = 13A0FFB4088EDFFF00E5436C /* SAASound.cpp */; };
		13A0FFBB088EDFFF00E5436C /* SAASound.h in Headers */ = {isa = PBXBuildFile; fileRef = 13A0FFB5088EDFFF00E5436C /* SAASound.h */; };
		13A0FFBC088EDFFF00E5436C /* unzip.c in Sources */ = {isa = PBXBuildFile; fileRef = 13A0FFB6088EDFFF00E5436C /* unzip.c */; };
		13A0FFBD088EDFFF00E5436C /* unzip.h in Headers */ = {isa = PBXBuildFile; fileRef = 13A0FFB7088EDFFF00E5436C /* unzip.h */; };
		13A0FFEB088EE18600E5436C /* SDLMain.nib in Resources */ = {isa = PBXBuildFile; fileRef = 13A0FFEA088EE18600E5436C /* SDLMain.nib */; };
		13A0FFF0088EE20300E5436C /* SimCoupe.icns in Resources */ = {isa = PBXBuildFile; fileRef = 13A0FFEF088EE20300E5436C /* SimCoupe.icns */; };
		13A0FFF5088EE31A00E5436C /* libz.dylib in Frameworks */ = {isa = PBXBuildFile; fileRef = 13A0FFF4088EE31A00E5436C /* libz.dylib */; };
		13A90797088FBB60006201C0 /* SDL.framework in CopyFiles */ = {isa = PBXBuildFile; fileRef = 13E5AE69088FBB1F00EACEBE /* SDL.framework */; };
		13E5AE6A088FBB1F00EACEBE /* SDL.framework in Frameworks */ = {isa = PBXBuildFile; fileRef = 13E5AE69088FBB1F00EACEBE /* SDL.framework */; };
		B2F67ED804C74A3F00A80002 /* OpenGL.framework in Frameworks */ = {isa = PBXBuildFile; fileRef = B2F67ED704C74A3F00A80002 /* OpenGL.framework */; };
		F5A47AA101A0483001D3D55B /* SDLMain.h in Headers */ = {isa = PBXBuildFile; fileRef = F5A47A9D01A0482F01D3D55B /* SDLMain.h */; };
		F5A47AA301A0483001D3D55B /* SDLMain.m in Sources */ = {isa = PBXBuildFile; fileRef = F5A47A9E01A0483001D3D55B /* SDLMain.m */; };
/* End PBXBuildFile section */

/* Begin PBXBuildStyle section */
		4A9504CCFFE6A4B311CA0CBA /* Development */ = {
			isa = PBXBuildStyle;
			buildSettings = {
				COPY_PHASE_STRIP = NO;
				GCC_DYNAMIC_NO_PIC = NO;
				GCC_ENABLE_CPP_EXCEPTIONS = NO;
				GCC_ENABLE_CPP_RTTI = NO;
				GCC_ENABLE_FIX_AND_CONTINUE = YES;
				GCC_GENERATE_DEBUGGING_SYMBOLS = YES;
				GCC_OPTIMIZATION_LEVEL = 0;
				GCC_WARN_PEDANTIC = YES;
				GCC_WARN_UNINITIALIZED_AUTOS = YES;
				GCC_WARN_UNUSED_FUNCTION = YES;
				GCC_WARN_UNUSED_LABEL = YES;
				GCC_WARN_UNUSED_PARAMETER = NO;
				GCC_WARN_UNUSED_VALUE = NO;
				GCC_WARN_UNUSED_VARIABLE = YES;
				OPTIMIZATION_CFLAGS = "-O0";
				ZERO_LINK = YES;
			};
			name = Development;
		};
		4A9504CDFFE6A4B311CA0CBA /* Deployment */ = {
			isa = PBXBuildStyle;
			buildSettings = {
				COPY_PHASE_STRIP = YES;
				GCC_ENABLE_CPP_EXCEPTIONS = NO;
				GCC_ENABLE_CPP_RTTI = NO;
				GCC_ENABLE_FIX_AND_CONTINUE = NO;
				ZERO_LINK = NO;
			};
			name = Deployment;
		};
/* End PBXBuildStyle section */

/* Begin PBXCopyFilesBuildPhase section */
		13E5AD96088FB77300EACEBE /* CopyFiles */ = {
			isa = PBXCopyFilesBuildPhase;
			buildActionMask = 2147483647;
			dstPath = "";
			dstSubfolderSpec = 10;
			files = (
				1349234008906661001D048F /* SAASound.framework in CopyFiles */,
				13A90797088FBB60006201C0 /* SDL.framework in CopyFiles */,
			);
			runOnlyForDeploymentPostprocessing = 0;
		};
/* End PBXCopyFilesBuildPhase section */

/* Begin PBXFileReference section */
		089C165DFE840E0CC02AAC07 /* English */ = {isa = PBXFileReference; fileEncoding = 10; lastKnownFileType = text.plist.strings; name = English; path = English.lproj/InfoPlist.strings; sourceTree = "<group>"; };
		1058C7A1FEA54F0111CA2CBB /* Cocoa.framework */ = {isa = PBXFileReference; lastKnownFileType = wrapper.framework; name = Cocoa.framework; path = /System/Library/Frameworks/Cocoa.framework; sourceTree = "<absolute>"; };
		1314531508A2C2EB008C1AB7 /* ReadMe.txt */ = {isa = PBXFileReference; fileEncoding = 30; lastKnownFileType = text; name = ReadMe.txt; path = /Users/si/SimCoupe/ReadMe.txt; sourceTree = "<absolute>"; };
		1314531A08A2C383008C1AB7 /* ReadMe-SDL.txt */ = {isa = PBXFileReference; fileEncoding = 30; lastKnownFileType = text; name = "ReadMe-SDL.txt"; path = "/Users/si/SimCoupe/ReadMe-SDL.txt"; sourceTree = "<absolute>"; };
		1314531C08A2C39F008C1AB7 /* ChangeLog.txt */ = {isa = PBXFileReference; fileEncoding = 30; lastKnownFileType = text; name = ChangeLog.txt; path = /Users/si/SimCoupe/ChangeLog.txt; sourceTree = "<absolute>"; };
		13486F5C0891A08300DB38E0 /* Credits.html */ = {isa = PBXFileReference; fileEncoding = 4; lastKnownFileType = text.html; path = Credits.html; sourceTree = "<group>"; };
		134923380890664C001D048F /* SAASound.framework */ = {isa = PBXFileReference; lastKnownFileType = wrapper.framework; name = SAASound.framework; path = "../../../SAASound-3.2/OSX/build/SAASound.framework"; sourceTree = SOURCE_ROOT; };
		1374D20109746C5E001B908F /* Options.nib */ = {isa = PBXFileReference; lastKnownFileType = wrapper.nib; path = Options.nib; sourceTree = "<group>"; };
		1374D22C09747359001B908F /* Options.h */ = {isa = PBXFileReference; fileEncoding = 4; lastKnownFileType = sourcecode.c.h; path = Options.h; sourceTree = "<group>"; };
		1374D22D09747359001B908F /* Options.m */ = {isa = PBXFileReference; fileEncoding = 4; lastKnownFileType = sourcecode.c.objc; path = Options.m; sourceTree = "<group>"; };
		13A0FE78088EDF7B00E5436C /* Display.cpp */ = {isa = PBXFileReference; fileEncoding = 4; lastKnownFileType = sourcecode.cpp.cpp; name = Display.cpp; path = ../Display.cpp; sourceTree = "<group>"; };
		13A0FE79088EDF7B00E5436C /* Display.h */ = {isa = PBXFileReference; fileEncoding = 4; lastKnownFileType = sourcecode.c.h; name = Display.h; path = ../Display.h; sourceTree = "<group>"; };
		13A0FE7A088EDF7B00E5436C /* Floppy.cpp */ = {isa = PBXFileReference; fileEncoding = 4; lastKnownFileType = sourcecode.cpp.cpp; name = Floppy.cpp; path = ../Floppy.cpp; sourceTree = "<group>"; };
		13A0FE7B088EDF7B00E5436C /* Floppy.h */ = {isa = PBXFileReference; fileEncoding = 4; lastKnownFileType = sourcecode.c.h; name = Floppy.h; path = ../Floppy.h; sourceTree = "<group>"; };
		13A0FE7C088EDF7B00E5436C /* IDEDisk.cpp */ = {isa = PBXFileReference; fileEncoding = 4; lastKnownFileType = sourcecode.cpp.cpp; name = IDEDisk.cpp; path = ../IDEDisk.cpp; sourceTree = "<group>"; };
		13A0FE7D088EDF7B00E5436C /* IDEDisk.h */ = {isa = PBXFileReference; fileEncoding = 4; lastKnownFileType = sourcecode.c.h; name = IDEDisk.h; path = ../IDEDisk.h; sourceTree = "<group>"; };
		13A0FE7E088EDF7B00E5436C /* Input.cpp */ = {isa = PBXFileReference; fileEncoding = 4; lastKnownFileType = sourcecode.cpp.cpp; name = Input.cpp; path = ../Input.cpp; sourceTree = "<group>"; };
		13A0FE7F088EDF7B00E5436C /* Input.h */ = {isa = PBXFileReference; fileEncoding = 4; lastKnownFileType = sourcecode.c.h; name = Input.h; path = ../Input.h; sourceTree = "<group>"; };
		13A0FE81088EDF7B00E5436C /* MIDI.cpp */ = {isa = PBXFileReference; fileEncoding = 4; lastKnownFileType = sourcecode.cpp.cpp; name = MIDI.cpp; path = ../MIDI.cpp; sourceTree = "<group>"; };
		13A0FE82088EDF7B00E5436C /* MIDI.h */ = {isa = PBXFileReference; fileEncoding = 4; lastKnownFileType = sourcecode.c.h; name = MIDI.h; path = ../MIDI.h; sourceTree = "<group>"; };
		13A0FE83088EDF7B00E5436C /* OSD.cpp */ = {isa = PBXFileReference; fileEncoding = 4; lastKnownFileType = sourcecode.cpp.cpp; name = OSD.cpp; path = ../OSD.cpp; sourceTree = "<group>"; };
		13A0FE84088EDF7B00E5436C /* OSD.h */ = {isa = PBXFileReference; fileEncoding = 4; lastKnownFileType = sourcecode.c.h; name = OSD.h; path = ../OSD.h; sourceTree = "<group>"; };
		13A0FEFC088EDF7C00E5436C /* Sound.cpp */ = {isa = PBXFileReference; fileEncoding = 4; lastKnownFileType = sourcecode.cpp.cpp; name = Sound.cpp; path = ../Sound.cpp; sourceTree = "<group>"; };
		13A0FEFD088EDF7C00E5436C /* Sound.h */ = {isa = PBXFileReference; fileEncoding = 4; lastKnownFileType = sourcecode.c.h; name = Sound.h; path = ../Sound.h; sourceTree = "<group>"; };
		13A0FEFE088EDF7C00E5436C /* UI.cpp */ = {isa = PBXFileReference; fileEncoding = 4; lastKnownFileType = sourcecode.cpp.cpp; name = UI.cpp; path = ../UI.cpp; sourceTree = "<group>"; };
		13A0FEFF088EDF7C00E5436C /* UI.h */ = {isa = PBXFileReference; fileEncoding = 4; lastKnownFileType = sourcecode.c.h; name = UI.h; path = ../UI.h; sourceTree = "<group>"; };
		13A0FF00088EDF7C00E5436C /* Video.cpp */ = {isa = PBXFileReference; fileEncoding = 4; lastKnownFileType = sourcecode.cpp.cpp; name = Video.cpp; path = ../Video.cpp; sourceTree = "<group>"; };
		13A0FF01088EDF7C00E5436C /* Video.h */ = {isa = PBXFileReference; fileEncoding = 4; lastKnownFileType = sourcecode.c.h; name = Video.h; path = ../Video.h; sourceTree = "<group>"; };
		13A0FF21088EDFC000E5436C /* Action.cpp */ = {isa = PBXFileReference; fileEncoding = 4; lastKnownFileType = sourcecode.cpp.cpp; name = Action.cpp; path = ../../Base/Action.cpp; sourceTree = "<group>"; };
		13A0FF22088EDFC000E5436C /* Action.h */ = {isa = PBXFileReference; fileEncoding = 4; lastKnownFileType = sourcecode.c.h; name = Action.h; path = ../../Base/Action.h; sourceTree = "<group>"; };
		13A0FF23088EDFC000E5436C /* ATA.cpp */ = {isa = PBXFileReference; fileEncoding = 4; lastKnownFileType = sourcecode.cpp.cpp; name = ATA.cpp; path = ../../Base/ATA.cpp; sourceTree = "<group>"; };
		13A0FF24088EDFC000E5436C /* ATA.h */ = {isa = PBXFileReference; fileEncoding = 4; lastKnownFileType = sourcecode.c.h; name = ATA.h; path = ../../Base/ATA.h; sourceTree = "<group>"; };
		13A0FF25088EDFC000E5436C /* Atom.cpp */ = {isa = PBXFileReference; fileEncoding = 4; lastKnownFileType = sourcecode.cpp.cpp; name = Atom.cpp; path = ../../Base/Atom.cpp; sourceTree = "<group>"; };
		13A0FF26088EDFC000E5436C /* Atom.h */ = {isa = PBXFileReference; fileEncoding = 4; lastKnownFileType = sourcecode.c.h; name = Atom.h; path = ../../Base/Atom.h; sourceTree = "<group>"; };
		13A0FF27088EDFC000E5436C /* CBops.h */ = {isa = PBXFileReference; fileEncoding = 4; lastKnownFileType = sourcecode.c.h; name = CBops.h; path = ../../Base/CBops.h; sourceTree = "<group>"; };
		13A0FF28088EDFC000E5436C /* CDisk.cpp */ = {isa = PBXFileReference; fileEncoding = 4; lastKnownFileType = sourcecode.cpp.cpp; name = CDisk.cpp; path = ../../Base/CDisk.cpp; sourceTree = "<group>"; };
		13A0FF29088EDFC000E5436C /* CDisk.h */ = {isa = PBXFileReference; fileEncoding = 4; lastKnownFileType = sourcecode.c.h; name = CDisk.h; path = ../../Base/CDisk.h; sourceTree = "<group>"; };
		13A0FF2A088EDFC000E5436C /* CDrive.cpp */ = {isa = PBXFileReference; fileEncoding = 4; lastKnownFileType = sourcecode.cpp.cpp; name = CDrive.cpp; path = ../../Base/CDrive.cpp; sourceTree = "<group>"; };
		13A0FF2B088EDFC000E5436C /* CDrive.h */ = {isa = PBXFileReference; fileEncoding = 4; lastKnownFileType = sourcecode.c.h; name = CDrive.h; path = ../../Base/CDrive.h; sourceTree = "<group>"; };
		13A0FF2C088EDFC100E5436C /* Clock.cpp */ = {isa = PBXFileReference; fileEncoding = 4; lastKnownFileType = sourcecode.cpp.cpp; name = Clock.cpp; path = ../../Base/Clock.cpp; sourceTree = "<group>"; };
		13A0FF2D088EDFC100E5436C /* Clock.h */ = {isa = PBXFileReference; fileEncoding = 4; lastKnownFileType = sourcecode.c.h; name = Clock.h; path = ../../Base/Clock.h; sourceTree = "<group>"; };
		13A0FF2E088EDFC100E5436C /* CPU.cpp */ = {isa = PBXFileReference; fileEncoding = 4; lastKnownFileType = sourcecode.cpp.cpp; name = CPU.cpp; path = ../../Base/CPU.cpp; sourceTree = "<group>"; };
		13A0FF2F088EDFC100E5436C /* CPU.h */ = {isa = PBXFileReference; fileEncoding = 4; lastKnownFileType = sourcecode.c.h; name = CPU.h; path = ../../Base/CPU.h; sourceTree = "<group>"; };
		13A0FF30088EDFC100E5436C /* CScreen.cpp */ = {isa = PBXFileReference; fileEncoding = 4; lastKnownFileType = sourcecode.cpp.cpp; name = CScreen.cpp; path = ../../Base/CScreen.cpp; sourceTree = "<group>"; };
		13A0FF31088EDFC100E5436C /* CScreen.h */ = {isa = PBXFileReference; fileEncoding = 4; lastKnownFileType = sourcecode.c.h; name = CScreen.h; path = ../../Base/CScreen.h; sourceTree = "<group>"; };
		13A0FF32088EDFC100E5436C /* CStream.cpp */ = {isa = PBXFileReference; fileEncoding = 4; lastKnownFileType = sourcecode.cpp.cpp; name = CStream.cpp; path = ../../Base/CStream.cpp; sourceTree = "<group>"; };
		13A0FF33088EDFC100E5436C /* CStream.h */ = {isa = PBXFileReference; fileEncoding = 4; lastKnownFileType = sourcecode.c.h; name = CStream.h; path = ../../Base/CStream.h; sourceTree = "<group>"; };
		13A0FF39088EDFC100E5436C /* Debug.cpp */ = {isa = PBXFileReference; fileEncoding = 4; lastKnownFileType = sourcecode.cpp.cpp; name = Debug.cpp; path = ../../Base/Debug.cpp; sourceTree = "<group>"; };
		13A0FF3A088EDFC100E5436C /* Debug.h */ = {isa = PBXFileReference; fileEncoding = 4; lastKnownFileType = sourcecode.c.h; name = Debug.h; path = ../../Base/Debug.h; sourceTree = "<group>"; };
		13A0FF3B088EDFC100E5436C /* Disassem.cpp */ = {isa = PBXFileReference; fileEncoding = 4; lastKnownFileType = sourcecode.cpp.cpp; name = Disassem.cpp; path = ../../Base/Disassem.cpp; sourceTree = "<group>"; };
		13A0FF3C088EDFC100E5436C /* Disassem.h */ = {isa = PBXFileReference; fileEncoding = 4; lastKnownFileType = sourcecode.c.h; name = Disassem.h; path = ../../Base/Disassem.h; sourceTree = "<group>"; };
		13A0FF3D088EDFC100E5436C /* EDops.h */ = {isa = PBXFileReference; fileEncoding = 4; lastKnownFileType = sourcecode.c.h; name = EDops.h; path = ../../Base/EDops.h; sourceTree = "<group>"; };
		13A0FF3E088EDFC100E5436C /* Expr.cpp */ = {isa = PBXFileReference; fileEncoding = 4; lastKnownFileType = sourcecode.cpp.cpp; name = Expr.cpp; path = ../../Base/Expr.cpp; sourceTree = "<group>"; };
		13A0FF3F088EDFC100E5436C /* Expr.h */ = {isa = PBXFileReference; fileEncoding = 4; lastKnownFileType = sourcecode.c.h; name = Expr.h; path = ../../Base/Expr.h; sourceTree = "<group>"; };
		13A0FF40088EDFC100E5436C /* Font.cpp */ = {isa = PBXFileReference; fileEncoding = 4; lastKnownFileType = sourcecode.cpp.cpp; name = Font.cpp; path = ../../Base/Font.cpp; sourceTree = "<group>"; };
		13A0FF41088EDFC100E5436C /* Font.h */ = {isa = PBXFileReference; fileEncoding = 4; lastKnownFileType = sourcecode.c.h; name = Font.h; path = ../../Base/Font.h; sourceTree = "<group>"; };
		13A0FF42088EDFC100E5436C /* Frame.cpp */ = {isa = PBXFileReference; fileEncoding = 4; lastKnownFileType = sourcecode.cpp.cpp; name = Frame.cpp; path = ../../Base/Frame.cpp; sourceTree = "<group>"; };
		13A0FF43088EDFC100E5436C /* Frame.h */ = {isa = PBXFileReference; fileEncoding = 4; lastKnownFileType = sourcecode.c.h; name = Frame.h; path = ../../Base/Frame.h; sourceTree = "<group>"; };
		13A0FF44088EDFC100E5436C /* GUI.cpp */ = {isa = PBXFileReference; fileEncoding = 4; lastKnownFileType = sourcecode.cpp.cpp; name = GUI.cpp; path = ../../Base/GUI.cpp; sourceTree = "<group>"; };
		13A0FF45088EDFC100E5436C /* GUI.h */ = {isa = PBXFileReference; fileEncoding = 4; lastKnownFileType = sourcecode.c.h; name = GUI.h; path = ../../Base/GUI.h; sourceTree = "<group>"; };
		13A0FF46088EDFC100E5436C /* GUIDlg.cpp */ = {isa = PBXFileReference; fileEncoding = 4; lastKnownFileType = sourcecode.cpp.cpp; name = GUIDlg.cpp; path = ../../Base/GUIDlg.cpp; sourceTree = "<group>"; };
		13A0FF47088EDFC100E5436C /* GUIDlg.h */ = {isa = PBXFileReference; fileEncoding = 4; lastKnownFileType = sourcecode.c.h; name = GUIDlg.h; path = ../../Base/GUIDlg.h; sourceTree = "<group>"; };
		13A0FF48088EDFC100E5436C /* GUIIcons.cpp */ = {isa = PBXFileReference; fileEncoding = 4; lastKnownFileType = sourcecode.cpp.cpp; name = GUIIcons.cpp; path = ../../Base/GUIIcons.cpp; sourceTree = "<group>"; };
		13A0FF49088EDFC100E5436C /* GUIIcons.h */ = {isa = PBXFileReference; fileEncoding = 4; lastKnownFileType = sourcecode.c.h; name = GUIIcons.h; path = ../../Base/GUIIcons.h; sourceTree = "<group>"; };
		13A0FF4A088EDFC100E5436C /* HardDisk.cpp */ = {isa = PBXFileReference; fileEncoding = 4; lastKnownFileType = sourcecode.cpp.cpp; name = HardDisk.cpp; path = ../../Base/HardDisk.cpp; sourceTree = "<group>"; };
		13A0FF4B088EDFC100E5436C /* HardDisk.h */ = {isa = PBXFileReference; fileEncoding = 4; lastKnownFileType = sourcecode.c.h; name = HardDisk.h; path = ../../Base/HardDisk.h; sourceTree = "<group>"; };
		13A0FF4C088EDFC100E5436C /* HDBOOT.h */ = {isa = PBXFileReference; fileEncoding = 4; lastKnownFileType = sourcecode.c.h; name = HDBOOT.h; path = ../../Base/HDBOOT.h; sourceTree = "<group>"; };
		13A0FF4D088EDFC100E5436C /* IO.cpp */ = {isa = PBXFileReference; fileEncoding = 4; lastKnownFileType = sourcecode.cpp.cpp; name = IO.cpp; path = ../../Base/IO.cpp; sourceTree = "<group>"; };
		13A0FF4E088EDFC100E5436C /* IO.h */ = {isa = PBXFileReference; fileEncoding = 4; lastKnownFileType = sourcecode.c.h; name = IO.h; path = ../../Base/IO.h; sourceTree = "<group>"; };
		13A0FF4F088EDFC100E5436C /* Main.cpp */ = {isa = PBXFileReference; fileEncoding = 4; lastKnownFileType = sourcecode.cpp.cpp; name = Main.cpp; path = ../../Base/Main.cpp; sourceTree = "<group>"; };
		13A0FF50088EDFC100E5436C /* Main.h */ = {isa = PBXFileReference; fileEncoding = 4; lastKnownFileType = sourcecode.c.h; name = Main.h; path = ../../Base/Main.h; sourceTree = "<group>"; };
		13A0FF51088EDFC100E5436C /* Memory.cpp */ = {isa = PBXFileReference; fileEncoding = 4; lastKnownFileType = sourcecode.cpp.cpp; name = Memory.cpp; path = ../../Base/Memory.cpp; sourceTree = "<group>"; };
		13A0FF52088EDFC100E5436C /* Memory.h */ = {isa = PBXFileReference; fileEncoding = 4; lastKnownFileType = sourcecode.c.h; name = Memory.h; path = ../../Base/Memory.h; sourceTree = "<group>"; };
		13A0FF53088EDFC100E5436C /* Mouse.cpp */ = {isa = PBXFileReference; fileEncoding = 4; lastKnownFileType = sourcecode.cpp.cpp; name = Mouse.cpp; path = ../../Base/Mouse.cpp; sourceTree = "<group>"; };
		13A0FF54088EDFC100E5436C /* Mouse.h */ = {isa = PBXFileReference; fileEncoding = 4; lastKnownFileType = sourcecode.c.h; name = Mouse.h; path = ../../Base/Mouse.h; sourceTree = "<group>"; };
		13A0FF55088EDFC100E5436C /* Options.cpp */ = {isa = PBXFileReference; fileEncoding = 4; lastKnownFileType = sourcecode.cpp.cpp; name = Options.cpp; path = ../../Base/Options.cpp; sourceTree = "<group>"; };
		13A0FF56088EDFC100E5436C /* Options.h */ = {isa = PBXFileReference; fileEncoding = 4; lastKnownFileType = sourcecode.c.h; name = Options.h; path = ../../Base/Options.h; sourceTree = "<group>"; };
		13A0FF57088EDFC100E5436C /* Parallel.cpp */ = {isa = PBXFileReference; fileEncoding = 4; lastKnownFileType = sourcecode.cpp.cpp; name = Parallel.cpp; path = ../../Base/Parallel.cpp; sourceTree = "<group>"; };
		13A0FF58088EDFC100E5436C /* Parallel.h */ = {isa = PBXFileReference; fileEncoding = 4; lastKnownFileType = sourcecode.c.h; name = Parallel.h; path = ../../Base/Parallel.h; sourceTree = "<group>"; };
		13A0FF59088EDFC100E5436C /* PNG.cpp */ = {isa = PBXFileReference; fileEncoding = 4; lastKnownFileType = sourcecode.cpp.cpp; name = PNG.cpp; path = ../../Base/PNG.cpp; sourceTree = "<group>"; };
		13A0FF5A088EDFC100E5436C /* PNG.h */ = {isa = PBXFileReference; fileEncoding = 4; lastKnownFileType = sourcecode.c.h; name = PNG.h; path = ../../Base/PNG.h; sourceTree = "<group>"; };
		13A0FF5B088EDFC100E5436C /* Profile.cpp */ = {isa = PBXFileReference; fileEncoding = 4; lastKnownFileType = sourcecode.cpp.cpp; name = Profile.cpp; path = ../../Base/Profile.cpp; sourceTree = "<group>"; };
		13A0FF5C088EDFC100E5436C /* Profile.h */ = {isa = PBXFileReference; fileEncoding = 4; lastKnownFileType = sourcecode.c.h; name = Profile.h; path = ../../Base/Profile.h; sourceTree = "<group>"; };
		13A0FF5D088EDFC100E5436C /* SAM.h */ = {isa = PBXFileReference; fileEncoding = 4; lastKnownFileType = sourcecode.c.h; name = SAM.h; path = ../../Base/SAM.h; sourceTree = "<group>"; };
		13A0FF5E088EDFC100E5436C /* SAMDOS.h */ = {isa = PBXFileReference; fileEncoding = 4; lastKnownFileType = sourcecode.c.h; name = SAMDOS.h; path = ../../Base/SAMDOS.h; sourceTree = "<group>"; };
		13A0FF5F088EDFC100E5436C /* SAMROM.h */ = {isa = PBXFileReference; fileEncoding = 4; lastKnownFileType = sourcecode.c.h; name = SAMROM.h; path = ../../Base/SAMROM.h; sourceTree = "<group>"; };
		13A0FF60088EDFC100E5436C /* SDIDE.cpp */ = {isa = PBXFileReference; fileEncoding = 4; lastKnownFileType = sourcecode.cpp.cpp; name = SDIDE.cpp; path = ../../Base/SDIDE.cpp; sourceTree = "<group>"; };
		13A0FF61088EDFC100E5436C /* SDIDE.h */ = {isa = PBXFileReference; fileEncoding = 4; lastKnownFileType = sourcecode.c.h; name = SDIDE.h; path = ../../Base/SDIDE.h; sourceTree = "<group>"; };
		13A0FF62088EDFC100E5436C /* SimCoupe.h */ = {isa = PBXFileReference; fileEncoding = 4; lastKnownFileType = sourcecode.c.h; name = SimCoupe.h; path = ../../Base/SimCoupe.h; sourceTree = "<group>"; };
		13A0FF63088EDFC100E5436C /* Util.cpp */ = {isa = PBXFileReference; fileEncoding = 4; lastKnownFileType = sourcecode.cpp.cpp; name = Util.cpp; path = ../../Base/Util.cpp; sourceTree = "<group>"; };
		13A0FF64088EDFC100E5436C /* Util.h */ = {isa = PBXFileReference; fileEncoding = 4; lastKnownFileType = sourcecode.c.h; name = Util.h; path = ../../Base/Util.h; sourceTree = "<group>"; };
		13A0FF65088EDFC100E5436C /* VL1772.h */ = {isa = PBXFileReference; fileEncoding = 4; lastKnownFileType = sourcecode.c.h; name = VL1772.h; path = ../../Base/VL1772.h; sourceTree = "<group>"; };
		13A0FF66088EDFC100E5436C /* YATBus.cpp */ = {isa = PBXFileReference; fileEncoding = 4; lastKnownFileType = sourcecode.cpp.cpp; name = YATBus.cpp; path = ../../Base/YATBus.cpp; sourceTree = "<group>"; };
		13A0FF67088EDFC100E5436C /* YATBus.h */ = {isa = PBXFileReference; fileEncoding = 4; lastKnownFileType = sourcecode.c.h; name = YATBus.h; path = ../../Base/YATBus.h; sourceTree = "<group>"; };
		13A0FF68088EDFC100E5436C /* Z80ops.h */ = {isa = PBXFileReference; fileEncoding = 4; lastKnownFileType = sourcecode.c.h; name = Z80ops.h; path = ../../Base/Z80ops.h; sourceTree = "<group>"; };
		13A0FFB2088EDFFF00E5436C /* ioapi.c */ = {isa = PBXFileReference; fileEncoding = 4; lastKnownFileType = sourcecode.c.c; name = ioapi.c; path = ../../Extern/ioapi.c; sourceTree = "<group>"; };
		13A0FFB3088EDFFF00E5436C /* ioapi.h */ = {isa = PBXFileReference; fileEncoding = 4; lastKnownFileType = sourcecode.c.h; name = ioapi.h; path = ../../Extern/ioapi.h; sourceTree = "<group>"; };
		13A0FFB4088EDFFF00E5436C /* SAASound.cpp */ = {isa = PBXFileReference; fileEncoding = 4; lastKnownFileType = sourcecode.cpp.cpp; name = SAASound.cpp; path = ../../Extern/SAASound.cpp; sourceTree = "<group>"; };
		13A0FFB5088EDFFF00E5436C /* SAASound.h */ = {isa = PBXFileReference; fileEncoding = 4; lastKnownFileType = sourcecode.c.h; name = SAASound.h; path = ../../Extern/SAASound.h; sourceTree = "<group>"; };
		13A0FFB6088EDFFF00E5436C /* unzip.c */ = {isa = PBXFileReference; fileEncoding = 4; lastKnownFileType = sourcecode.c.c; name = unzip.c; path = ../../Extern/unzip.c; sourceTree = "<group>"; };
		13A0FFB7088EDFFF00E5436C /* unzip.h */ = {isa = PBXFileReference; fileEncoding = 4; lastKnownFileType = sourcecode.c.h; name = unzip.h; path = ../../Extern/unzip.h; sourceTree = "<group>"; };
		13A0FFEA088EE18600E5436C /* SDLMain.nib */ = {isa = PBXFileReference; lastKnownFileType = wrapper.nib; path = SDLMain.nib; sourceTree = "<group>"; };
		13A0FFEF088EE20300E5436C /* SimCoupe.icns */ = {isa = PBXFileReference; lastKnownFileType = image.icns; path = SimCoupe.icns; sourceTree = "<group>"; };
		13A0FFF4088EE31A00E5436C /* libz.dylib */ = {isa = PBXFileReference; lastKnownFileType = "compiled.mach-o.dylib"; name = libz.dylib; path = /usr/lib/libz.dylib; sourceTree = "<absolute>"; };
		13E5AE69088FBB1F00EACEBE /* SDL.framework */ = {isa = PBXFileReference; lastKnownFileType = wrapper.framework; name = SDL.framework; path = /Library/Frameworks/SDL.framework; sourceTree = "<absolute>"; };
		17587328FF379C6511CA2CBB /* SimCoupe.app */ = {isa = PBXFileReference; lastKnownFileType = wrapper.application; path = SimCoupe.app; sourceTree = BUILT_PRODUCTS_DIR; };
		29B97324FDCFA39411CA2CEA /* AppKit.framework */ = {isa = PBXFileReference; lastKnownFileType = wrapper.framework; name = AppKit.framework; path = /System/Library/Frameworks/AppKit.framework; sourceTree = "<absolute>"; };
		29B97325FDCFA39411CA2CEA /* Foundation.framework */ = {isa = PBXFileReference; lastKnownFileType = wrapper.framework; name = Foundation.framework; path = /System/Library/Frameworks/Foundation.framework; sourceTree = "<absolute>"; };
		B2F67ED704C74A3F00A80002 /* OpenGL.framework */ = {isa = PBXFileReference; lastKnownFileType = wrapper.framework; name = OpenGL.framework; path = /System/Library/Frameworks/OpenGL.framework; sourceTree = "<absolute>"; };
		F5A47A9D01A0482F01D3D55B /* SDLMain.h */ = {isa = PBXFileReference; fileEncoding = 30; lastKnownFileType = sourcecode.c.h; path = SDLMain.h; sourceTree = SOURCE_ROOT; };
		F5A47A9E01A0483001D3D55B /* SDLMain.m */ = {isa = PBXFileReference; fileEncoding = 30; lastKnownFileType = sourcecode.c.objc; path = SDLMain.m; sourceTree = SOURCE_ROOT; };
/* End PBXFileReference section */

/* Begin PBXFrameworksBuildPhase section */
		29B9732DFDCFA39411CA2CEA /* Frameworks */ = {
			isa = PBXFrameworksBuildPhase;
			buildActionMask = 2147483647;
			files = (
				1058C7A3FEA54F0111CA2CBB /* Cocoa.framework in Frameworks */,
				B2F67ED804C74A3F00A80002 /* OpenGL.framework in Frameworks */,
				13A0FFF5088EE31A00E5436C /* libz.dylib in Frameworks */,
				13E5AE6A088FBB1F00EACEBE /* SDL.framework in Frameworks */,
				134923390890664C001D048F /* SAASound.framework in Frameworks */,
			);
			runOnlyForDeploymentPostprocessing = 0;
		};
/* End PBXFrameworksBuildPhase section */

/* Begin PBXGroup section */
		080E96DDFE201D6D7F000001 /* Classes */ = {
			isa = PBXGroup;
			children = (
				F5A47A9D01A0482F01D3D55B /* SDLMain.h */,
				F5A47A9E01A0483001D3D55B /* SDLMain.m */,
				1374D22C09747359001B908F /* Options.h */,
				1374D22D09747359001B908F /* Options.m */,
			);
			name = Classes;
			sourceTree = "<group>";
		};
		1058C7A0FEA54F0111CA2CBB /* Linked Frameworks */ = {
			isa = PBXGroup;
			children = (
				134923380890664C001D048F /* SAASound.framework */,
				13E5AE69088FBB1F00EACEBE /* SDL.framework */,
				13A0FFF4088EE31A00E5436C /* libz.dylib */,
				1058C7A1FEA54F0111CA2CBB /* Cocoa.framework */,
				B2F67ED704C74A3F00A80002 /* OpenGL.framework */,
			);
			name = "Linked Frameworks";
			sourceTree = "<group>";
		};
		1058C7A2FEA54F0111CA2CBB /* Other Frameworks */ = {
			isa = PBXGroup;
			children = (
				29B97325FDCFA39411CA2CEA /* Foundation.framework */,
				29B97324FDCFA39411CA2CEA /* AppKit.framework */,
			);
			name = "Other Frameworks";
			sourceTree = "<group>";
		};
		1314532108A2C3DC008C1AB7 /* ReadMe Files */ = {
			isa = PBXGroup;
			children = (
				1314531C08A2C39F008C1AB7 /* ChangeLog.txt */,
				1314531A08A2C383008C1AB7 /* ReadMe-SDL.txt */,
				1314531508A2C2EB008C1AB7 /* ReadMe.txt */,
			);
			name = "ReadMe Files";
			sourceTree = "<group>";
		};
		13A0FE6F088EDF5700E5436C /* SDL */ = {
			isa = PBXGroup;
			children = (
				13A0FE78088EDF7B00E5436C /* Display.cpp */,
				13A0FE79088EDF7B00E5436C /* Display.h */,
				13A0FE7A088EDF7B00E5436C /* Floppy.cpp */,
				13A0FE7B088EDF7B00E5436C /* Floppy.h */,
				13A0FE7C088EDF7B00E5436C /* IDEDisk.cpp */,
				13A0FE7D088EDF7B00E5436C /* IDEDisk.h */,
				13A0FE7E088EDF7B00E5436C /* Input.cpp */,
				13A0FE7F088EDF7B00E5436C /* Input.h */,
				13A0FE81088EDF7B00E5436C /* MIDI.cpp */,
				13A0FE82088EDF7B00E5436C /* MIDI.h */,
				13A0FE83088EDF7B00E5436C /* OSD.cpp */,
				13A0FE84088EDF7B00E5436C /* OSD.h */,
				13A0FEFC088EDF7C00E5436C /* Sound.cpp */,
				13A0FEFD088EDF7C00E5436C /* Sound.h */,
				13A0FEFE088EDF7C00E5436C /* UI.cpp */,
				13A0FEFF088EDF7C00E5436C /* UI.h */,
				13A0FF00088EDF7C00E5436C /* Video.cpp */,
				13A0FF01088EDF7C00E5436C /* Video.h */,
			);
			name = SDL;
			sourceTree = "<group>";
		};
		13A0FF20088EDFA600E5436C /* Base */ = {
			isa = PBXGroup;
			children = (
				13A0FF21088EDFC000E5436C /* Action.cpp */,
				13A0FF22088EDFC000E5436C /* Action.h */,
				13A0FF23088EDFC000E5436C /* ATA.cpp */,
				13A0FF24088EDFC000E5436C /* ATA.h */,
				13A0FF25088EDFC000E5436C /* Atom.cpp */,
				13A0FF26088EDFC000E5436C /* Atom.h */,
				13A0FF27088EDFC000E5436C /* CBops.h */,
				13A0FF28088EDFC000E5436C /* CDisk.cpp */,
				13A0FF29088EDFC000E5436C /* CDisk.h */,
				13A0FF2A088EDFC000E5436C /* CDrive.cpp */,
				13A0FF2B088EDFC000E5436C /* CDrive.h */,
				13A0FF2C088EDFC100E5436C /* Clock.cpp */,
				13A0FF2D088EDFC100E5436C /* Clock.h */,
				13A0FF2E088EDFC100E5436C /* CPU.cpp */,
				13A0FF2F088EDFC100E5436C /* CPU.h */,
				13A0FF30088EDFC100E5436C /* CScreen.cpp */,
				13A0FF31088EDFC100E5436C /* CScreen.h */,
				13A0FF32088EDFC100E5436C /* CStream.cpp */,
				13A0FF33088EDFC100E5436C /* CStream.h */,
				13A0FF39088EDFC100E5436C /* Debug.cpp */,
				13A0FF3A088EDFC100E5436C /* Debug.h */,
				13A0FF3B088EDFC100E5436C /* Disassem.cpp */,
				13A0FF3C088EDFC100E5436C /* Disassem.h */,
				13A0FF3D088EDFC100E5436C /* EDops.h */,
				13A0FF3E088EDFC100E5436C /* Expr.cpp */,
				13A0FF3F088EDFC100E5436C /* Expr.h */,
				13A0FF40088EDFC100E5436C /* Font.cpp */,
				13A0FF41088EDFC100E5436C /* Font.h */,
				13A0FF42088EDFC100E5436C /* Frame.cpp */,
				13A0FF43088EDFC100E5436C /* Frame.h */,
				13A0FF44088EDFC100E5436C /* GUI.cpp */,
				13A0FF45088EDFC100E5436C /* GUI.h */,
				13A0FF46088EDFC100E5436C /* GUIDlg.cpp */,
				13A0FF47088EDFC100E5436C /* GUIDlg.h */,
				13A0FF48088EDFC100E5436C /* GUIIcons.cpp */,
				13A0FF49088EDFC100E5436C /* GUIIcons.h */,
				13A0FF4A088EDFC100E5436C /* HardDisk.cpp */,
				13A0FF4B088EDFC100E5436C /* HardDisk.h */,
				13A0FF4C088EDFC100E5436C /* HDBOOT.h */,
				13A0FF4D088EDFC100E5436C /* IO.cpp */,
				13A0FF4E088EDFC100E5436C /* IO.h */,
				13A0FF4F088EDFC100E5436C /* Main.cpp */,
				13A0FF50088EDFC100E5436C /* Main.h */,
				13A0FF51088EDFC100E5436C /* Memory.cpp */,
				13A0FF52088EDFC100E5436C /* Memory.h */,
				13A0FF53088EDFC100E5436C /* Mouse.cpp */,
				13A0FF54088EDFC100E5436C /* Mouse.h */,
				13A0FF55088EDFC100E5436C /* Options.cpp */,
				13A0FF56088EDFC100E5436C /* Options.h */,
				13A0FF57088EDFC100E5436C /* Parallel.cpp */,
				13A0FF58088EDFC100E5436C /* Parallel.h */,
				13A0FF59088EDFC100E5436C /* PNG.cpp */,
				13A0FF5A088EDFC100E5436C /* PNG.h */,
				13A0FF5B088EDFC100E5436C /* Profile.cpp */,
				13A0FF5C088EDFC100E5436C /* Profile.h */,
				13A0FF5D088EDFC100E5436C /* SAM.h */,
				13A0FF5E088EDFC100E5436C /* SAMDOS.h */,
				13A0FF5F088EDFC100E5436C /* SAMROM.h */,
				13A0FF60088EDFC100E5436C /* SDIDE.cpp */,
				13A0FF61088EDFC100E5436C /* SDIDE.h */,
				13A0FF62088EDFC100E5436C /* SimCoupe.h */,
				13A0FF63088EDFC100E5436C /* Util.cpp */,
				13A0FF64088EDFC100E5436C /* Util.h */,
				13A0FF65088EDFC100E5436C /* VL1772.h */,
				13A0FF66088EDFC100E5436C /* YATBus.cpp */,
				13A0FF67088EDFC100E5436C /* YATBus.h */,
				13A0FF68088EDFC100E5436C /* Z80ops.h */,
			);
			name = Base;
			sourceTree = "<group>";
		};
		13A0FFB1088EDFE600E5436C /* Extern */ = {
			isa = PBXGroup;
			children = (
				13A0FFB2088EDFFF00E5436C /* ioapi.c */,
				13A0FFB3088EDFFF00E5436C /* ioapi.h */,
				13A0FFB4088EDFFF00E5436C /* SAASound.cpp */,
				13A0FFB5088EDFFF00E5436C /* SAASound.h */,
				13A0FFB6088EDFFF00E5436C /* unzip.c */,
				13A0FFB7088EDFFF00E5436C /* unzip.h */,
			);
			name = Extern;
			sourceTree = "<group>";
		};
		19C28FACFE9D520D11CA2CBB /* Products */ = {
			isa = PBXGroup;
			children = (
				17587328FF379C6511CA2CBB /* SimCoupe.app */,
			);
			name = Products;
			sourceTree = "<group>";
		};
		29B97314FDCFA39411CA2CEA /* SimCoupe */ = {
			isa = PBXGroup;
			children = (
				13A0FF20088EDFA600E5436C /* Base */,
				13A0FE6F088EDF5700E5436C /* SDL */,
				13A0FFB1088EDFE600E5436C /* Extern */,
				080E96DDFE201D6D7F000001 /* Classes */,
				29B97317FDCFA39411CA2CEA /* Resources */,
				1314532108A2C3DC008C1AB7 /* ReadMe Files */,
				29B97323FDCFA39411CA2CEA /* Frameworks */,
				19C28FACFE9D520D11CA2CBB /* Products */,
			);
			name = SimCoupe;
			sourceTree = "<group>";
		};
		29B97317FDCFA39411CA2CEA /* Resources */ = {
			isa = PBXGroup;
			children = (
				13486F5C0891A08300DB38E0 /* Credits.html */,
				13A0FFEF088EE20300E5436C /* SimCoupe.icns */,
				13A0FFEA088EE18600E5436C /* SDLMain.nib */,
				089C165CFE840E0CC02AAC07 /* InfoPlist.strings */,
				1374D20109746C5E001B908F /* Options.nib */,
			);
			name = Resources;
			sourceTree = "<group>";
		};
		29B97323FDCFA39411CA2CEA /* Frameworks */ = {
			isa = PBXGroup;
			children = (
				1058C7A0FEA54F0111CA2CBB /* Linked Frameworks */,
				1058C7A2FEA54F0111CA2CBB /* Other Frameworks */,
			);
			name = Frameworks;
			sourceTree = "<group>";
		};
/* End PBXGroup section */

/* Begin PBXHeadersBuildPhase section */
		29B97327FDCFA39411CA2CEA /* Headers */ = {
			isa = PBXHeadersBuildPhase;
			buildActionMask = 2147483647;
			files = (
				F5A47AA101A0483001D3D55B /* SDLMain.h in Headers */,
				13A0FF06088EDF7C00E5436C /* Display.h in Headers */,
				13A0FF08088EDF7C00E5436C /* Floppy.h in Headers */,
				13A0FF0A088EDF7C00E5436C /* IDEDisk.h in Headers */,
				13A0FF0C088EDF7C00E5436C /* Input.h in Headers */,
				13A0FF0F088EDF7C00E5436C /* MIDI.h in Headers */,
				13A0FF11088EDF7C00E5436C /* OSD.h in Headers */,
				13A0FF16088EDF7C00E5436C /* Sound.h in Headers */,
				13A0FF18088EDF7C00E5436C /* UI.h in Headers */,
				13A0FF1A088EDF7C00E5436C /* Video.h in Headers */,
				13A0FF6A088EDFC100E5436C /* Action.h in Headers */,
				13A0FF6C088EDFC100E5436C /* ATA.h in Headers */,
				13A0FF6E088EDFC100E5436C /* Atom.h in Headers */,
				13A0FF6F088EDFC100E5436C /* CBops.h in Headers */,
				13A0FF71088EDFC100E5436C /* CDisk.h in Headers */,
				13A0FF73088EDFC100E5436C /* CDrive.h in Headers */,
				13A0FF75088EDFC100E5436C /* Clock.h in Headers */,
				13A0FF77088EDFC100E5436C /* CPU.h in Headers */,
				13A0FF79088EDFC100E5436C /* CScreen.h in Headers */,
				13A0FF7B088EDFC100E5436C /* CStream.h in Headers */,
				13A0FF7E088EDFC100E5436C /* Debug.h in Headers */,
				13A0FF80088EDFC100E5436C /* Disassem.h in Headers */,
				13A0FF81088EDFC100E5436C /* EDops.h in Headers */,
				13A0FF83088EDFC100E5436C /* Expr.h in Headers */,
				13A0FF85088EDFC100E5436C /* Font.h in Headers */,
				13A0FF87088EDFC100E5436C /* Frame.h in Headers */,
				13A0FF89088EDFC100E5436C /* GUI.h in Headers */,
				13A0FF8B088EDFC100E5436C /* GUIDlg.h in Headers */,
				13A0FF8D088EDFC100E5436C /* GUIIcons.h in Headers */,
				13A0FF8F088EDFC100E5436C /* HardDisk.h in Headers */,
				13A0FF90088EDFC100E5436C /* HDBOOT.h in Headers */,
				13A0FF92088EDFC100E5436C /* IO.h in Headers */,
				13A0FF94088EDFC100E5436C /* Main.h in Headers */,
				13A0FF96088EDFC100E5436C /* Memory.h in Headers */,
				13A0FF98088EDFC100E5436C /* Mouse.h in Headers */,
				13A0FF9A088EDFC100E5436C /* Options.h in Headers */,
				13A0FF9C088EDFC100E5436C /* Parallel.h in Headers */,
				13A0FF9E088EDFC100E5436C /* PNG.h in Headers */,
				13A0FFA0088EDFC100E5436C /* Profile.h in Headers */,
				13A0FFA1088EDFC100E5436C /* SAM.h in Headers */,
				13A0FFA2088EDFC100E5436C /* SAMDOS.h in Headers */,
				13A0FFA3088EDFC100E5436C /* SAMROM.h in Headers */,
				13A0FFA5088EDFC100E5436C /* SDIDE.h in Headers */,
				13A0FFA6088EDFC100E5436C /* SimCoupe.h in Headers */,
				13A0FFA8088EDFC100E5436C /* Util.h in Headers */,
				13A0FFA9088EDFC100E5436C /* VL1772.h in Headers */,
				13A0FFAB088EDFC100E5436C /* YATBus.h in Headers */,
				13A0FFAC088EDFC100E5436C /* Z80ops.h in Headers */,
				13A0FFB9088EDFFF00E5436C /* ioapi.h in Headers */,
				13A0FFBB088EDFFF00E5436C /* SAASound.h in Headers */,
				13A0FFBD088EDFFF00E5436C /* unzip.h in Headers */,
				1374D22E09747359001B908F /* Options.h in Headers */,
			);
			runOnlyForDeploymentPostprocessing = 0;
		};
/* End PBXHeadersBuildPhase section */

/* Begin PBXProject section */
		29B97313FDCFA39411CA2CEA /* Project object */ = {
			isa = PBXProject;
			buildConfigurationList = 1301D3CC096B058800027BFC /* Build configuration list for PBXProject "SimCoupe" */;
			buildSettings = {
			};
			buildStyles = (
				4A9504CCFFE6A4B311CA0CBA /* Development */,
				4A9504CDFFE6A4B311CA0CBA /* Deployment */,
			);
			hasScannedForEncodings = 1;
			mainGroup = 29B97314FDCFA39411CA2CEA /* SimCoupe */;
			projectDirPath = "";
			targets = (
				29B97326FDCFA39411CA2CEA /* SimCoupe */,
			);
		};
/* End PBXProject section */

/* Begin PBXResourcesBuildPhase section */
		29B97328FDCFA39411CA2CEA /* Resources */ = {
			isa = PBXResourcesBuildPhase;
			buildActionMask = 2147483647;
			files = (
				089C165EFE840E0CC02AAC07 /* InfoPlist.strings in Resources */,
				13A0FFEB088EE18600E5436C /* SDLMain.nib in Resources */,
				13A0FFF0088EE20300E5436C /* SimCoupe.icns in Resources */,
				1314531608A2C2EB008C1AB7 /* ReadMe.txt in Resources */,
				13486F5D0891A08300DB38E0 /* Credits.html in Resources */,
				1314531B08A2C383008C1AB7 /* ReadMe-SDL.txt in Resources */,
				1314531D08A2C39F008C1AB7 /* ChangeLog.txt in Resources */,
				1374D20209746C5E001B908F /* Options.nib in Resources */,
			);
			runOnlyForDeploymentPostprocessing = 0;
		};
/* End PBXResourcesBuildPhase section */

/* Begin PBXSourcesBuildPhase section */
		29B9732BFDCFA39411CA2CEA /* Sources */ = {
			isa = PBXSourcesBuildPhase;
			buildActionMask = 2147483647;
			files = (
				F5A47AA301A0483001D3D55B /* SDLMain.m in Sources */,
				13A0FF05088EDF7C00E5436C /* Display.cpp in Sources */,
				13A0FF07088EDF7C00E5436C /* Floppy.cpp in Sources */,
				13A0FF09088EDF7C00E5436C /* IDEDisk.cpp in Sources */,
				13A0FF0B088EDF7C00E5436C /* Input.cpp in Sources */,
				13A0FF0E088EDF7C00E5436C /* MIDI.cpp in Sources */,
				13A0FF10088EDF7C00E5436C /* OSD.cpp in Sources */,
				13A0FF15088EDF7C00E5436C /* Sound.cpp in Sources */,
				13A0FF17088EDF7C00E5436C /* UI.cpp in Sources */,
				13A0FF19088EDF7C00E5436C /* Video.cpp in Sources */,
				13A0FF69088EDFC100E5436C /* Action.cpp in Sources */,
				13A0FF6B088EDFC100E5436C /* ATA.cpp in Sources */,
				13A0FF6D088EDFC100E5436C /* Atom.cpp in Sources */,
				13A0FF70088EDFC100E5436C /* CDisk.cpp in Sources */,
				13A0FF72088EDFC100E5436C /* CDrive.cpp in Sources */,
				13A0FF74088EDFC100E5436C /* Clock.cpp in Sources */,
				13A0FF76088EDFC100E5436C /* CPU.cpp in Sources */,
				13A0FF78088EDFC100E5436C /* CScreen.cpp in Sources */,
				13A0FF7A088EDFC100E5436C /* CStream.cpp in Sources */,
				13A0FF7D088EDFC100E5436C /* Debug.cpp in Sources */,
				13A0FF7F088EDFC100E5436C /* Disassem.cpp in Sources */,
				13A0FF82088EDFC100E5436C /* Expr.cpp in Sources */,
				13A0FF84088EDFC100E5436C /* Font.cpp in Sources */,
				13A0FF86088EDFC100E5436C /* Frame.cpp in Sources */,
				13A0FF88088EDFC100E5436C /* GUI.cpp in Sources */,
				13A0FF8A088EDFC100E5436C /* GUIDlg.cpp in Sources */,
				13A0FF8C088EDFC100E5436C /* GUIIcons.cpp in Sources */,
				13A0FF8E088EDFC100E5436C /* HardDisk.cpp in Sources */,
				13A0FF91088EDFC100E5436C /* IO.cpp in Sources */,
				13A0FF93088EDFC100E5436C /* Main.cpp in Sources */,
				13A0FF95088EDFC100E5436C /* Memory.cpp in Sources */,
				13A0FF97088EDFC100E5436C /* Mouse.cpp in Sources */,
				13A0FF99088EDFC100E5436C /* Options.cpp in Sources */,
				13A0FF9B088EDFC100E5436C /* Parallel.cpp in Sources */,
				13A0FF9D088EDFC100E5436C /* PNG.cpp in Sources */,
				13A0FF9F088EDFC100E5436C /* Profile.cpp in Sources */,
				13A0FFA4088EDFC100E5436C /* SDIDE.cpp in Sources */,
				13A0FFA7088EDFC100E5436C /* Util.cpp in Sources */,
				13A0FFAA088EDFC100E5436C /* YATBus.cpp in Sources */,
				13A0FFB8088EDFFF00E5436C /* ioapi.c in Sources */,
				13A0FFBA088EDFFF00E5436C /* SAASound.cpp in Sources */,
				13A0FFBC088EDFFF00E5436C /* unzip.c in Sources */,
				1374D22F09747359001B908F /* Options.m in Sources */,
			);
			runOnlyForDeploymentPostprocessing = 0;
		};
/* End PBXSourcesBuildPhase section */

/* Begin PBXVariantGroup section */
		089C165CFE840E0CC02AAC07 /* InfoPlist.strings */ = {
			isa = PBXVariantGroup;
			children = (
				089C165DFE840E0CC02AAC07 /* English */,
			);
			name = InfoPlist.strings;
			sourceTree = "<group>";
		};
/* End PBXVariantGroup section */

/* Begin XCBuildConfiguration section */
		1301D3C9096B058800027BFC /* Development */ = {
			isa = XCBuildConfiguration;
			buildSettings = {
				COPY_PHASE_STRIP = NO;
				FRAMEWORK_SEARCH_PATHS = (
					/Library/Frameworks,
					"/Users/si/SAASound-3.2/OSX/build",
				);
				GCC_DYNAMIC_NO_PIC = NO;
				GCC_ENABLE_CPP_EXCEPTIONS = NO;
				GCC_ENABLE_CPP_RTTI = NO;
				GCC_ENABLE_FIX_AND_CONTINUE = YES;
				GCC_GENERATE_DEBUGGING_SYMBOLS = YES;
				GCC_OPTIMIZATION_LEVEL = 0;
				GCC_WARN_PEDANTIC = YES;
				GCC_WARN_UNINITIALIZED_AUTOS = YES;
				GCC_WARN_UNUSED_FUNCTION = YES;
				GCC_WARN_UNUSED_LABEL = YES;
				GCC_WARN_UNUSED_PARAMETER = NO;
				GCC_WARN_UNUSED_VALUE = NO;
				GCC_WARN_UNUSED_VARIABLE = YES;
				HEADER_SEARCH_PATHS = "\"/Library/Frameworks/SDL.framework/Headers\"";
				INSTALL_PATH = "$(HOME)/Applications";
				LIBRARY_SEARCH_PATHS = "";
				OPTIMIZATION_CFLAGS = "-O0";
				OTHER_CFLAGS = (
					"-DUSE_OPENGL",
					"-DUSE_ZLIB",
					"-DUSE_SAASOUND",
				);
				PRODUCT_NAME = SimCoupe;
				SECTORDER_FLAGS = "";
				WARNING_CFLAGS = (
					"-Wmost",
					"-Wno-four-char-constants",
					"-Wno-unknown-pragmas",
				);
				WRAPPER_EXTENSION = app;
				ZERO_LINK = YES;
			};
			name = Development;
		};
		1301D3CA096B058800027BFC /* Deployment */ = {
			isa = XCBuildConfiguration;
			buildSettings = {
				COPY_PHASE_STRIP = YES;
				FRAMEWORK_SEARCH_PATHS = (
					/Library/Frameworks,
					"/Users/si/SAASound-3.2/OSX/build",
				);
				GCC_ENABLE_CPP_EXCEPTIONS = NO;
				GCC_ENABLE_CPP_RTTI = NO;
				GCC_ENABLE_FIX_AND_CONTINUE = NO;
				HEADER_SEARCH_PATHS = "\"/Library/Frameworks/SDL.framework/Headers\"";
				INSTALL_PATH = "$(HOME)/Applications";
				LIBRARY_SEARCH_PATHS = "";
				OPTIMIZATION_CFLAGS = "-O0";
				OTHER_CFLAGS = (
					"-DUSE_OPENGL",
					"-DUSE_ZLIB",
					"-DUSE_SAASOUND",
				);
				PRODUCT_NAME = SimCoupe;
				SECTORDER_FLAGS = "";
				WARNING_CFLAGS = (
					"-Wmost",
					"-Wno-four-char-constants",
					"-Wno-unknown-pragmas",
				);
				WRAPPER_EXTENSION = app;
				ZERO_LINK = NO;
			};
			name = Deployment;
		};
		1301D3CB096B058800027BFC /* Default */ = {
			isa = XCBuildConfiguration;
			buildSettings = {
				FRAMEWORK_SEARCH_PATHS = (
					/Library/Frameworks,
					"/Users/si/SAASound-3.2/OSX/build",
				);
				HEADER_SEARCH_PATHS = "\"/Library/Frameworks/SDL.framework/Headers\"";
				INSTALL_PATH = "$(HOME)/Applications";
				LIBRARY_SEARCH_PATHS = "";
				OPTIMIZATION_CFLAGS = "-O0";
				OTHER_CFLAGS = (
					"-DUSE_OPENGL",
					"-DUSE_ZLIB",
					"-DUSE_SAASOUND",
				);
				PRODUCT_NAME = SimCoupe;
				SECTORDER_FLAGS = "";
				WARNING_CFLAGS = (
					"-Wmost",
					"-Wno-four-char-constants",
					"-Wno-unknown-pragmas",
				);
				WRAPPER_EXTENSION = app;
			};
			name = Default;
		};
		1301D3CD096B058800027BFC /* Development */ = {
			isa = XCBuildConfiguration;
			buildSettings = {
			};
			name = Development;
		};
		1301D3CE096B058800027BFC /* Deployment */ = {
			isa = XCBuildConfiguration;
			buildSettings = {
			};
			name = Deployment;
		};
		1301D3CF096B058800027BFC /* Default */ = {
			isa = XCBuildConfiguration;
			buildSettings = {
			};
			name = Default;
		};
/* End XCBuildConfiguration section */

/* Begin XCConfigurationList section */
		1301D3C8096B058800027BFC /* Build configuration list for PBXApplicationTarget "SimCoupe" */ = {
			isa = XCConfigurationList;
			buildConfigurations = (
				1301D3C9096B058800027BFC /* Development */,
				1301D3CA096B058800027BFC /* Deployment */,
				1301D3CB096B058800027BFC /* Default */,
			);
			defaultConfigurationIsVisible = 0;
			defaultConfigurationName = Default;
		};
		1301D3CC096B058800027BFC /* Build configuration list for PBXProject "SimCoupe" */ = {
			isa = XCConfigurationList;
			buildConfigurations = (
				1301D3CD096B058800027BFC /* Development */,
				1301D3CE096B058800027BFC /* Deployment */,
				1301D3CF096B058800027BFC /* Default */,
			);
			defaultConfigurationIsVisible = 0;
			defaultConfigurationName = Default;
		};
/* End XCConfigurationList section */
	};
	rootObject = 29B97313FDCFA39411CA2CEA /* Project object */;
}
