<?xml version="1.0" encoding="utf-8"?>
<Project ToolsVersion="4.0" xmlns="http://schemas.microsoft.com/developer/msbuild/2003">
  <ItemGroup>
    <Filter Include="Base Header Files">
      <UniqueIdentifier>{93995380-89BD-4b04-88EB-625FBE52EBFB}</UniqueIdentifier>
      <Extensions>h;hh;hpp;hxx;hm;inl;inc;xsd</Extensions>
    </Filter>
    <Filter Include="Base Source Files">
      <UniqueIdentifier>{4FC737F1-C7A5-4376-A066-2A32D752A2FF}</UniqueIdentifier>
      <Extensions>cpp;c;cc;cxx;def;odl;idl;hpj;bat;asm;asmx</Extensions>
    </Filter>
    <Filter Include="Win32 Header Files">
      <UniqueIdentifier>{815da23b-06ec-44b4-9e5b-e2adb1e5ff2c}</UniqueIdentifier>
    </Filter>
    <Filter Include="Win32 Source Files">
      <UniqueIdentifier>{188a4dfb-1f2c-4851-9eac-c6a036f08cb5}</UniqueIdentifier>
    </Filter>
    <Filter Include="Win32 Resource Files">
      <UniqueIdentifier>{67DA6AB6-F800-4c08-8B7A-83BB121AAD01}</UniqueIdentifier>
      <Extensions>rc;ico;cur;bmp;dlg;rc2;rct;bin;rgs;gif;jpg;jpeg;jpe;resx;tiff;tif;png;wav;mfcribbon-ms</Extensions>
    </Filter>
    <Filter Include="Win32 Resource Files\Bitmaps">
      <UniqueIdentifier>{a4fdb460-6c15-4b85-897f-83a2c5ef2b72}</UniqueIdentifier>
    </Filter>
    <Filter Include="Win32 Resource Files\Cursors">
      <UniqueIdentifier>{cac027da-252f-443e-90c3-71ec9dc9257a}</UniqueIdentifier>
    </Filter>
    <Filter Include="Win32 Resource Files\Icons">
      <UniqueIdentifier>{e950a07c-1100-4879-9c0b-367b437f47a4}</UniqueIdentifier>
    </Filter>
    <Filter Include="Resource Files">
      <UniqueIdentifier>{4b5d352f-9fb2-4d2d-8d93-a41acd7ac471}</UniqueIdentifier>
    </Filter>
  </ItemGroup>
  <ItemGroup>
    <ClCompile Include="..\Base\Action.cpp">
      <Filter>Base Source Files</Filter>
    </ClCompile>
    <ClCompile Include="..\Base\ATA.cpp">
      <Filter>Base Source Files</Filter>
    </ClCompile>
    <ClCompile Include="..\Base\AtaAdapter.cpp">
      <Filter>Base Source Files</Filter>
    </ClCompile>
    <ClCompile Include="..\Base\Atom.cpp">
      <Filter>Base Source Files</Filter>
    </ClCompile>
    <ClCompile Include="..\Base\AtomLite.cpp">
      <Filter>Base Source Files</Filter>
    </ClCompile>
    <ClCompile Include="..\Base\AVI.cpp">
      <Filter>Base Source Files</Filter>
    </ClCompile>
    <ClCompile Include="..\Base\BlipBuffer.cpp">
      <Filter>Base Source Files</Filter>
    </ClCompile>
    <ClCompile Include="..\Base\BlueAlpha.cpp">
      <Filter>Base Source Files</Filter>
    </ClCompile>
    <ClCompile Include="..\Base\Breakpoint.cpp">
      <Filter>Base Source Files</Filter>
    </ClCompile>
    <ClCompile Include="..\Base\Clock.cpp">
      <Filter>Base Source Files</Filter>
    </ClCompile>
    <ClCompile Include="..\Base\CPU.cpp">
      <Filter>Base Source Files</Filter>
    </ClCompile>
    <ClCompile Include="..\Base\Debug.cpp">
      <Filter>Base Source Files</Filter>
    </ClCompile>
    <ClCompile Include="..\Base\Disassem.cpp">
      <Filter>Base Source Files</Filter>
    </ClCompile>
    <ClCompile Include="..\Base\Disk.cpp">
      <Filter>Base Source Files</Filter>
    </ClCompile>
    <ClCompile Include="..\Base\Drive.cpp">
      <Filter>Base Source Files</Filter>
    </ClCompile>
    <ClCompile Include="..\Base\Expr.cpp">
      <Filter>Base Source Files</Filter>
    </ClCompile>
    <ClCompile Include="..\Base\Font.cpp">
      <Filter>Base Source Files</Filter>
    </ClCompile>
    <ClCompile Include="..\Base\Frame.cpp">
      <Filter>Base Source Files</Filter>
    </ClCompile>
    <ClCompile Include="..\Base\GIF.cpp">
      <Filter>Base Source Files</Filter>
    </ClCompile>
    <ClCompile Include="..\Base\GUI.cpp">
      <Filter>Base Source Files</Filter>
    </ClCompile>
    <ClCompile Include="..\Base\GUIDlg.cpp">
      <Filter>Base Source Files</Filter>
    </ClCompile>
    <ClCompile Include="..\Base\GUIIcons.cpp">
      <Filter>Base Source Files</Filter>
    </ClCompile>
    <ClCompile Include="..\Base\HardDisk.cpp">
      <Filter>Base Source Files</Filter>
    </ClCompile>
    <ClCompile Include="..\Base\IO.cpp">
      <Filter>Base Source Files</Filter>
    </ClCompile>
    <ClCompile Include="..\Base\Joystick.cpp">
      <Filter>Base Source Files</Filter>
    </ClCompile>
    <ClCompile Include="..\Base\Keyboard.cpp">
      <Filter>Base Source Files</Filter>
    </ClCompile>
    <ClCompile Include="..\Base\Keyin.cpp">
      <Filter>Base Source Files</Filter>
    </ClCompile>
    <ClCompile Include="..\Base\Main.cpp">
      <Filter>Base Source Files</Filter>
    </ClCompile>
    <ClCompile Include="..\Base\Memory.cpp">
      <Filter>Base Source Files</Filter>
    </ClCompile>
    <ClCompile Include="..\Base\Mouse.cpp">
      <Filter>Base Source Files</Filter>
    </ClCompile>
    <ClCompile Include="..\Base\Options.cpp">
      <Filter>Base Source Files</Filter>
    </ClCompile>
    <ClCompile Include="..\Base\Parallel.cpp">
      <Filter>Base Source Files</Filter>
    </ClCompile>
    <ClCompile Include="..\Base\Paula.cpp">
      <Filter>Base Source Files</Filter>
    </ClCompile>
    <ClCompile Include="..\Base\PNG.cpp">
      <Filter>Base Source Files</Filter>
    </ClCompile>
    <ClCompile Include="..\Base\SAA1099.cpp">
      <Filter>Base Source Files</Filter>
    </ClCompile>
    <ClCompile Include="..\Base\SAMVox.cpp">
      <Filter>Base Source Files</Filter>
    </ClCompile>
    <ClCompile Include="..\Base\Screen.cpp">
      <Filter>Base Source Files</Filter>
    </ClCompile>
    <ClCompile Include="..\Base\SDIDE.cpp">
      <Filter>Base Source Files</Filter>
    </ClCompile>
    <ClCompile Include="..\Base\SID.cpp">
      <Filter>Base Source Files</Filter>
    </ClCompile>
    <ClCompile Include="..\Base\Sound.cpp">
      <Filter>Base Source Files</Filter>
    </ClCompile>
    <ClCompile Include="..\Base\Stream.cpp">
      <Filter>Base Source Files</Filter>
    </ClCompile>
    <ClCompile Include="..\Base\Symbol.cpp">
      <Filter>Base Source Files</Filter>
    </ClCompile>
    <ClCompile Include="..\Base\Tape.cpp">
      <Filter>Base Source Files</Filter>
    </ClCompile>
    <ClCompile Include="..\Base\Util.cpp">
      <Filter>Base Source Files</Filter>
    </ClCompile>
    <ClCompile Include="..\Base\Video.cpp">
      <Filter>Base Source Files</Filter>
    </ClCompile>
    <ClCompile Include="..\Base\WAV.cpp">
      <Filter>Base Source Files</Filter>
    </ClCompile>
    <ClCompile Include="Audio.cpp">
      <Filter>Win32 Source Files</Filter>
    </ClCompile>
    <ClCompile Include="Direct3D9.cpp">
      <Filter>Win32 Source Files</Filter>
    </ClCompile>
    <ClCompile Include="DirectDraw.cpp">
      <Filter>Win32 Source Files</Filter>
    </ClCompile>
    <ClCompile Include="Floppy.cpp">
      <Filter>Win32 Source Files</Filter>
    </ClCompile>
    <ClCompile Include="IDEDisk.cpp">
      <Filter>Win32 Source Files</Filter>
    </ClCompile>
    <ClCompile Include="Input.cpp">
      <Filter>Win32 Source Files</Filter>
    </ClCompile>
    <ClCompile Include="MIDI.cpp">
      <Filter>Win32 Source Files</Filter>
    </ClCompile>
    <ClCompile Include="ODMenu.cpp">
      <Filter>Win32 Source Files</Filter>
    </ClCompile>
    <ClCompile Include="OSD.cpp">
      <Filter>Win32 Source Files</Filter>
    </ClCompile>
    <ClCompile Include="UI.cpp">
      <Filter>Win32 Source Files</Filter>
    </ClCompile>
  </ItemGroup>
  <ItemGroup>
    <ClInclude Include="afxres.h">
      <Filter>Win32 Header Files</Filter>
    </ClInclude>
    <ClInclude Include="Audio.h">
      <Filter>Win32 Header Files</Filter>
    </ClInclude>
    <ClInclude Include="Direct3D9.h">
      <Filter>Win32 Header Files</Filter>
    </ClInclude>
    <ClInclude Include="DirectDraw.h">
      <Filter>Win32 Header Files</Filter>
    </ClInclude>
    <ClInclude Include="Floppy.h">
      <Filter>Win32 Header Files</Filter>
    </ClInclude>
    <ClInclude Include="IDEDisk.h">
      <Filter>Win32 Header Files</Filter>
    </ClInclude>
    <ClInclude Include="Input.h">
      <Filter>Win32 Header Files</Filter>
    </ClInclude>
    <ClInclude Include="MIDI.h">
      <Filter>Win32 Header Files</Filter>
    </ClInclude>
    <ClInclude Include="ODMenu.h">
      <Filter>Win32 Header Files</Filter>
    </ClInclude>
    <ClInclude Include="OSD.h">
      <Filter>Win32 Header Files</Filter>
    </ClInclude>
    <ClInclude Include="UI.h">
      <Filter>Win32 Header Files</Filter>
    </ClInclude>
    <ClInclude Include="..\Base\Action.h">
      <Filter>Base Header Files</Filter>
    </ClInclude>
    <ClInclude Include="..\Base\ATA.h">
      <Filter>Base Header Files</Filter>
    </ClInclude>
    <ClInclude Include="..\Base\AtaAdapter.h">
      <Filter>Base Header Files</Filter>
    </ClInclude>
    <ClInclude Include="..\Base\Atom.h">
      <Filter>Base Header Files</Filter>
    </ClInclude>
    <ClInclude Include="..\Base\AtomLite.h">
      <Filter>Base Header Files</Filter>
    </ClInclude>
    <ClInclude Include="..\Base\AVI.h">
      <Filter>Base Header Files</Filter>
    </ClInclude>
    <ClInclude Include="..\Base\BlipBuffer.h">
      <Filter>Base Header Files</Filter>
    </ClInclude>
    <ClInclude Include="..\Base\BlueAlpha.h">
      <Filter>Base Header Files</Filter>
    </ClInclude>
    <ClInclude Include="..\Base\Breakpoint.h">
      <Filter>Base Header Files</Filter>
    </ClInclude>
    <ClInclude Include="..\Base\CBops.h">
      <Filter>Base Header Files</Filter>
    </ClInclude>
    <ClInclude Include="..\Base\Clock.h">
      <Filter>Base Header Files</Filter>
    </ClInclude>
    <ClInclude Include="..\Base\CPU.h">
      <Filter>Base Header Files</Filter>
    </ClInclude>
    <ClInclude Include="..\Base\Debug.h">
      <Filter>Base Header Files</Filter>
    </ClInclude>
    <ClInclude Include="..\Base\Disassem.h">
      <Filter>Base Header Files</Filter>
    </ClInclude>
    <ClInclude Include="..\Base\Disk.h">
      <Filter>Base Header Files</Filter>
    </ClInclude>
    <ClInclude Include="..\Base\Drive.h">
      <Filter>Base Header Files</Filter>
    </ClInclude>
    <ClInclude Include="..\Base\EDops.h">
      <Filter>Base Header Files</Filter>
    </ClInclude>
    <ClInclude Include="..\Base\Expr.h">
      <Filter>Base Header Files</Filter>
    </ClInclude>
    <ClInclude Include="..\Base\Font.h">
      <Filter>Base Header Files</Filter>
    </ClInclude>
    <ClInclude Include="..\Base\Frame.h">
      <Filter>Base Header Files</Filter>
    </ClInclude>
    <ClInclude Include="..\Base\GIF.h">
      <Filter>Base Header Files</Filter>
    </ClInclude>
    <ClInclude Include="..\Base\GUI.h">
      <Filter>Base Header Files</Filter>
    </ClInclude>
    <ClInclude Include="..\Base\GUIDlg.h">
      <Filter>Base Header Files</Filter>
    </ClInclude>
    <ClInclude Include="..\Base\GUIIcons.h">
      <Filter>Base Header Files</Filter>
    </ClInclude>
    <ClInclude Include="..\Base\HardDisk.h">
      <Filter>Base Header Files</Filter>
    </ClInclude>
    <ClInclude Include="..\Base\HDBOOT.h">
      <Filter>Base Header Files</Filter>
    </ClInclude>
    <ClInclude Include="..\Base\IO.h">
      <Filter>Base Header Files</Filter>
    </ClInclude>
    <ClInclude Include="..\Base\ioapi.h">
      <Filter>Base Header Files</Filter>
    </ClInclude>
    <ClInclude Include="..\Base\Joystick.h">
      <Filter>Base Header Files</Filter>
    </ClInclude>
    <ClInclude Include="..\Base\Keyboard.h">
      <Filter>Base Header Files</Filter>
    </ClInclude>
    <ClInclude Include="..\Base\Keyin.h">
      <Filter>Base Header Files</Filter>
    </ClInclude>
    <ClInclude Include="..\Base\Main.h">
      <Filter>Base Header Files</Filter>
    </ClInclude>
    <ClInclude Include="..\Base\Memory.h">
      <Filter>Base Header Files</Filter>
    </ClInclude>
    <ClInclude Include="..\Base\Mouse.h">
      <Filter>Base Header Files</Filter>
    </ClInclude>
    <ClInclude Include="..\Base\Options.h">
      <Filter>Base Header Files</Filter>
    </ClInclude>
    <ClInclude Include="..\Base\Parallel.h">
      <Filter>Base Header Files</Filter>
    </ClInclude>
    <ClInclude Include="..\Base\Paula.h">
      <Filter>Base Header Files</Filter>
    </ClInclude>
    <ClInclude Include="..\Base\PNG.h">
      <Filter>Base Header Files</Filter>
    </ClInclude>
    <ClInclude Include="..\Base\SAA1099.h">
      <Filter>Base Header Files</Filter>
    </ClInclude>
    <ClInclude Include="..\Base\SAM.h">
      <Filter>Base Header Files</Filter>
    </ClInclude>
    <ClInclude Include="..\Base\SAMDOS.h">
      <Filter>Base Header Files</Filter>
    </ClInclude>
    <ClInclude Include="..\Base\SAMROM.h">
      <Filter>Base Header Files</Filter>
    </ClInclude>
    <ClInclude Include="..\Base\SAMVox.h">
      <Filter>Base Header Files</Filter>
    </ClInclude>
    <ClInclude Include="..\Base\Screen.h">
      <Filter>Base Header Files</Filter>
    </ClInclude>
    <ClInclude Include="..\Base\SDIDE.h">
      <Filter>Base Header Files</Filter>
    </ClInclude>
    <ClInclude Include="..\Base\SID.h">
      <Filter>Base Header Files</Filter>
    </ClInclude>
    <ClInclude Include="..\Base\SimCoupe.h">
      <Filter>Base Header Files</Filter>
    </ClInclude>
    <ClInclude Include="..\Base\Sound.h">
      <Filter>Base Header Files</Filter>
    </ClInclude>
    <ClInclude Include="..\Base\Stream.h">
      <Filter>Base Header Files</Filter>
    </ClInclude>
    <ClInclude Include="..\Base\Symbol.h">
      <Filter>Base Header Files</Filter>
    </ClInclude>
    <ClInclude Include="..\Base\Tape.h">
      <Filter>Base Header Files</Filter>
    </ClInclude>
    <ClInclude Include="..\Base\unzip.h">
      <Filter>Base Header Files</Filter>
    </ClInclude>
    <ClInclude Include="..\Base\Util.h">
      <Filter>Base Header Files</Filter>
    </ClInclude>
    <ClInclude Include="..\Base\Video.h">
      <Filter>Base Header Files</Filter>
    </ClInclude>
    <ClInclude Include="..\Base\VL1772.h">
      <Filter>Base Header Files</Filter>
    </ClInclude>
    <ClInclude Include="..\Base\WAV.h">
      <Filter>Base Header Files</Filter>
    </ClInclude>
    <ClInclude Include="..\Base\Z80ops.h">
      <Filter>Base Header Files</Filter>
    </ClInclude>
    <ClInclude Include="resource.h">
      <Filter>Win32 Resource Files</Filter>
    </ClInclude>
  </ItemGroup>
  <ItemGroup>
    <ResourceCompile Include="SimCoupe.rc">
      <Filter>Win32 Resource Files</Filter>
    </ResourceCompile>
  </ItemGroup>
  <ItemGroup>
    <Image Include="Bitmaps\menuicon.bmp">
      <Filter>Win32 Resource Files\Bitmaps</Filter>
    </Image>
    <Image Include="Bitmaps\simcoupe.bmp">
      <Filter>Win32 Resource Files\Bitmaps</Filter>
    </Image>
    <Image Include="Bitmaps\tapeicons.bmp">
      <Filter>Win32 Resource Files\Bitmaps</Filter>
    </Image>
    <Image Include="Icons\clock.ico">
      <Filter>Win32 Resource Files\Icons</Filter>
    </Image>
    <Image Include="Icons\disk.ico">
      <Filter>Win32 Resource Files\Icons</Filter>
    </Image>
    <Image Include="Icons\display.ico">
      <Filter>Win32 Resource Files\Icons</Filter>
    </Image>
    <Image Include="Icons\drive.ico">
      <Filter>Win32 Resource Files\Icons</Filter>
    </Image>
    <Image Include="Icons\floppy.ico">
      <Filter>Win32 Resource Files\Icons</Filter>
    </Image>
    <Image Include="Icons\fnkeys.ico">
      <Filter>Win32 Resource Files\Icons</Filter>
    </Image>
    <Image Include="Icons\folder.ico">
      <Filter>Win32 Resource Files\Icons</Filter>
    </Image>
    <Image Include="Icons\hardware.ico">
      <Filter>Win32 Resource Files\Icons</Filter>
    </Image>
    <Image Include="Icons\joystick.ico">
      <Filter>Win32 Resource Files\Icons</Filter>
    </Image>
    <Image Include="Icons\keyboard.ico">
      <Filter>Win32 Resource Files\Icons</Filter>
    </Image>
    <Image Include="Icons\main.ico">
      <Filter>Win32 Resource Files\Icons</Filter>
    </Image>
    <Image Include="Icons\memory.ico">
      <Filter>Win32 Resource Files\Icons</Filter>
    </Image>
    <Image Include="Icons\midi.ico">
      <Filter>Win32 Resource Files\Icons</Filter>
    </Image>
    <Image Include="Icons\misc.ico">
      <Filter>Win32 Resource Files\Icons</Filter>
    </Image>
    <Image Include="Icons\mouse.ico">
      <Filter>Win32 Resource Files\Icons</Filter>
    </Image>
    <Image Include="Icons\network.ico">
      <Filter>Win32 Resource Files\Icons</Filter>
    </Image>
    <Image Include="Icons\port.ico">
      <Filter>Win32 Resource Files\Icons</Filter>
    </Image>
    <Image Include="Icons\printer.ico">
      <Filter>Win32 Resource Files\Icons</Filter>
    </Image>
    <Image Include="Icons\sound.ico">
      <Filter>Win32 Resource Files\Icons</Filter>
    </Image>
    <Image Include="..\Resource\SimCoupe.bmp">
      <Filter>Resource Files</Filter>
    </Image>
  </ItemGroup>
  <ItemGroup>
    <None Include="Cursors\arrow.cur">
      <Filter>Win32 Resource Files\Cursors</Filter>
    </None>
    <None Include="..\Resource\samports.map">
      <Filter>Resource Files</Filter>
    </None>
    <None Include="..\Resource\samrom.map">
      <Filter>Resource Files</Filter>
    </None>
  </ItemGroup>
</Project>